// !$*UTF8*$!
{
	archiveVersion = 1;
	classes = {
	};
	objectVersion = 46;
	objects = {

/* Begin PBXBuildFile section */
		6D013EAF1B77E1CA006D13B9 /* SchoolMapAnnotation.m in Sources */ = {isa = PBXBuildFile; fileRef = 6D013EAE1B77E1CA006D13B9 /* SchoolMapAnnotation.m */; };
		6D013EB11B782431006D13B9 /* congfucius_study.jpg in Resources */ = {isa = PBXBuildFile; fileRef = 6D013EB01B782431006D13B9 /* congfucius_study.jpg */; };
		6D013EB51B78F368006D13B9 /* CCLocationManager.m in Sources */ = {isa = PBXBuildFile; fileRef = 6D013EB41B78F368006D13B9 /* CCLocationManager.m */; };
		6D013EB81B78FB73006D13B9 /* CLLocation+YCLocation.m in Sources */ = {isa = PBXBuildFile; fileRef = 6D013EB71B78FB73006D13B9 /* CLLocation+YCLocation.m */; };
		6D013EBA1B79BBB8006D13B9 /* Icon@2x.png in Resources */ = {isa = PBXBuildFile; fileRef = 6D013EB91B79BBB8006D13B9 /* Icon@2x.png */; };
		6D013EC21B7F9C6E006D13B9 /* SRXStudentMapViewController.m in Sources */ = {isa = PBXBuildFile; fileRef = 6D013EC11B7F9C6E006D13B9 /* SRXStudentMapViewController.m */; };
		6D013EC51B80D70E006D13B9 /* switch_course_grey.png in Resources */ = {isa = PBXBuildFile; fileRef = 6D013EC41B80D70E006D13B9 /* switch_course_grey.png */; };
		6D013EC71B80D757006D13B9 /* gnome_session_switch.png in Resources */ = {isa = PBXBuildFile; fileRef = 6D013EC61B80D757006D13B9 /* gnome_session_switch.png */; };
		6D013ECA1B80DA19006D13B9 /* right2_filled-25.png in Resources */ = {isa = PBXBuildFile; fileRef = 6D013EC81B80DA19006D13B9 /* right2_filled-25.png */; };
		6D013ECB1B80DA19006D13B9 /* right2-25.png in Resources */ = {isa = PBXBuildFile; fileRef = 6D013EC91B80DA19006D13B9 /* right2-25.png */; };
		6D013ED21B80E6F7006D13B9 /* aries_filled-25.png in Resources */ = {isa = PBXBuildFile; fileRef = 6D013ED11B80E6F7006D13B9 /* aries_filled-25.png */; };
		6D08612E1B6EE52200BC5910 /* main.m in Sources */ = {isa = PBXBuildFile; fileRef = 6D08612D1B6EE52200BC5910 /* main.m */; };
		6D0861311B6EE52200BC5910 /* AppDelegate.m in Sources */ = {isa = PBXBuildFile; fileRef = 6D0861301B6EE52200BC5910 /* AppDelegate.m */; };
		6D0861341B6EE52200BC5910 /* ViewController.m in Sources */ = {isa = PBXBuildFile; fileRef = 6D0861331B6EE52200BC5910 /* ViewController.m */; };
		6D0861371B6EE52200BC5910 /* Main.storyboard in Resources */ = {isa = PBXBuildFile; fileRef = 6D0861351B6EE52200BC5910 /* Main.storyboard */; };
		6D0861391B6EE52200BC5910 /* Images.xcassets in Resources */ = {isa = PBXBuildFile; fileRef = 6D0861381B6EE52200BC5910 /* Images.xcassets */; };
		6D08613C1B6EE52200BC5910 /* LaunchScreen.xib in Resources */ = {isa = PBXBuildFile; fileRef = 6D08613A1B6EE52200BC5910 /* LaunchScreen.xib */; };
		6D0861481B6EE52200BC5910 /* DropPinOnMapViewTests.m in Sources */ = {isa = PBXBuildFile; fileRef = 6D0861471B6EE52200BC5910 /* DropPinOnMapViewTests.m */; };
		6D0861571B6EE73600BC5910 /* MapKit.framework in Frameworks */ = {isa = PBXBuildFile; fileRef = 6D0861561B6EE73600BC5910 /* MapKit.framework */; };
		6D0861591B6EEF4000BC5910 /* CoreLocation.framework in Frameworks */ = {isa = PBXBuildFile; fileRef = 6D0861581B6EEF4000BC5910 /* CoreLocation.framework */; };
		6D18F7FC1BA5DD97004A9F66 /* ELCAlbumPickerController.m in Sources */ = {isa = PBXBuildFile; fileRef = 6D18F7EC1BA5DD97004A9F66 /* ELCAlbumPickerController.m */; };
		6D18F7FD1BA5DD97004A9F66 /* ELCAsset.m in Sources */ = {isa = PBXBuildFile; fileRef = 6D18F7EE1BA5DD97004A9F66 /* ELCAsset.m */; };
		6D18F7FE1BA5DD97004A9F66 /* ELCAssetCell.m in Sources */ = {isa = PBXBuildFile; fileRef = 6D18F7F01BA5DD97004A9F66 /* ELCAssetCell.m */; };
		6D18F7FF1BA5DD97004A9F66 /* ELCAssetTablePicker.m in Sources */ = {isa = PBXBuildFile; fileRef = 6D18F7F41BA5DD97004A9F66 /* ELCAssetTablePicker.m */; };
		6D18F8001BA5DD97004A9F66 /* ELCImagePickerController.m in Sources */ = {isa = PBXBuildFile; fileRef = 6D18F7F61BA5DD97004A9F66 /* ELCImagePickerController.m */; };
		6D18F8011BA5DD97004A9F66 /* ELCConsole.m in Sources */ = {isa = PBXBuildFile; fileRef = 6D18F7F91BA5DD97004A9F66 /* ELCConsole.m */; };
		6D18F8021BA5DD97004A9F66 /* ELCOverlayImageView.m in Sources */ = {isa = PBXBuildFile; fileRef = 6D18F7FB1BA5DD97004A9F66 /* ELCOverlayImageView.m */; };
		6D18F8041BA638C0004A9F66 /* plus_sign.png in Resources */ = {isa = PBXBuildFile; fileRef = 6D18F8031BA638C0004A9F66 /* plus_sign.png */; };
		6D18F8051BA64890004A9F66 /* Teacher.Storyboard in Resources */ = {isa = PBXBuildFile; fileRef = 6D18F8071BA64890004A9F66 /* Teacher.Storyboard */; };
		6D18F80C1BA65256004A9F66 /* Localizable.strings in Resources */ = {isa = PBXBuildFile; fileRef = 6D18F80B1BA65256004A9F66 /* Localizable.strings */; };
		6D18F80D1BA659DE004A9F66 /* SRXTeacherOpenClassViewController.xib in Resources */ = {isa = PBXBuildFile; fileRef = 6D18F80F1BA659DE004A9F66 /* SRXTeacherOpenClassViewController.xib */; };
		6D18F8181BA65C55004A9F66 /* SRXTeacherMeViewController.m in Sources */ = {isa = PBXBuildFile; fileRef = 6D18F8171BA65C55004A9F66 /* SRXTeacherMeViewController.m */; };
		6D197EAD1BE2F801005A9C09 /* SRXDataPersonName.proto in Resources */ = {isa = PBXBuildFile; fileRef = 6D197EAA1BE2F801005A9C09 /* SRXDataPersonName.proto */; };
		6D197EAE1BE2F801005A9C09 /* SRXDataSchool.proto in Resources */ = {isa = PBXBuildFile; fileRef = 6D197EAB1BE2F801005A9C09 /* SRXDataSchool.proto */; };
		6D197EAF1BE2F801005A9C09 /* SRXDataTeacher.proto in Resources */ = {isa = PBXBuildFile; fileRef = 6D197EAC1BE2F801005A9C09 /* SRXDataTeacher.proto */; };
		6D197EB61BE2FAA2005A9C09 /* SRXDataPersonName.pb.m in Sources */ = {isa = PBXBuildFile; fileRef = 6D197EB11BE2FAA2005A9C09 /* SRXDataPersonName.pb.m */; };
		6D197EB71BE2FAA2005A9C09 /* SRXDataSchool.pb.m in Sources */ = {isa = PBXBuildFile; fileRef = 6D197EB31BE2FAA2005A9C09 /* SRXDataSchool.pb.m */; };
		6D197EB81BE2FAA2005A9C09 /* SRXDataTeacher.pb.m in Sources */ = {isa = PBXBuildFile; fileRef = 6D197EB51BE2FAA2005A9C09 /* SRXDataTeacher.pb.m */; };
		6D2DE8011B88EA4A00889E17 /* SRXMeViewController.m in Sources */ = {isa = PBXBuildFile; fileRef = 6D2DE8001B88EA4A00889E17 /* SRXMeViewController.m */; };
		6D2DE8041B88EDF400889E17 /* Bolts.framework in Frameworks */ = {isa = PBXBuildFile; fileRef = 6D2DE8021B88EDF400889E17 /* Bolts.framework */; };
		6D2DE8051B88EDF400889E17 /* Parse.framework in Frameworks */ = {isa = PBXBuildFile; fileRef = 6D2DE8031B88EDF400889E17 /* Parse.framework */; };
		6D2DE80C1B88EE5600889E17 /* AudioToolbox.framework in Frameworks */ = {isa = PBXBuildFile; fileRef = 6D2DE8061B88EE5600889E17 /* AudioToolbox.framework */; };
		6D2DE80D1B88EE5600889E17 /* CFNetwork.framework in Frameworks */ = {isa = PBXBuildFile; fileRef = 6D2DE8071B88EE5600889E17 /* CFNetwork.framework */; };
		6D2DE80E1B88EE5600889E17 /* CoreGraphics.framework in Frameworks */ = {isa = PBXBuildFile; fileRef = 6D2DE8081B88EE5600889E17 /* CoreGraphics.framework */; };
		6D2DE80F1B88EE5600889E17 /* Security.framework in Frameworks */ = {isa = PBXBuildFile; fileRef = 6D2DE8091B88EE5600889E17 /* Security.framework */; };
		6D2DE8101B88EE5600889E17 /* StoreKit.framework in Frameworks */ = {isa = PBXBuildFile; fileRef = 6D2DE80A1B88EE5600889E17 /* StoreKit.framework */; };
		6D2DE8111B88EE5600889E17 /* SystemConfiguration.framework in Frameworks */ = {isa = PBXBuildFile; fileRef = 6D2DE80B1B88EE5600889E17 /* SystemConfiguration.framework */; };
		6D2DE8141B88EE8300889E17 /* libsqlite3.dylib in Frameworks */ = {isa = PBXBuildFile; fileRef = 6D2DE8121B88EE8300889E17 /* libsqlite3.dylib */; };
		6D2DE8151B88EE8300889E17 /* libz.dylib in Frameworks */ = {isa = PBXBuildFile; fileRef = 6D2DE8131B88EE8300889E17 /* libz.dylib */; };
		6D6274A91B884BFE00023458 /* ParseUI.framework in Frameworks */ = {isa = PBXBuildFile; fileRef = 6D6274A81B884BFE00023458 /* ParseUI.framework */; };
		6D650A6D1BC97C9F008B5FA1 /* SRXDataImage.proto in Resources */ = {isa = PBXBuildFile; fileRef = 6D650A6C1BC97C9F008B5FA1 /* SRXDataImage.proto */; };
		6D650A761BC97D00008B5FA1 /* SRXApi.pb.m in Sources */ = {isa = PBXBuildFile; fileRef = 6D650A6F1BC97D00008B5FA1 /* SRXApi.pb.m */; };
		6D650A771BC97D00008B5FA1 /* SRXDataClass.pb.m in Sources */ = {isa = PBXBuildFile; fileRef = 6D650A711BC97D00008B5FA1 /* SRXDataClass.pb.m */; };
		6D650A781BC97D00008B5FA1 /* SRXDataImage.pb.m in Sources */ = {isa = PBXBuildFile; fileRef = 6D650A731BC97D00008B5FA1 /* SRXDataImage.pb.m */; };
		6D650A791BC97D00008B5FA1 /* SRXDataLocation.pb.m in Sources */ = {isa = PBXBuildFile; fileRef = 6D650A751BC97D00008B5FA1 /* SRXDataLocation.pb.m */; };
		6D650AB11BCAD2A8008B5FA1 /* SRXImage.m in Sources */ = {isa = PBXBuildFile; fileRef = 6D650AB01BCAD2A8008B5FA1 /* SRXImage.m */; };
		6D650AB61BD2C120008B5FA1 /* SRXImageScrollViewController.m in Sources */ = {isa = PBXBuildFile; fileRef = 6D650AB51BD2C120008B5FA1 /* SRXImageScrollViewController.m */; };
		6D650B061BD427DC008B5FA1 /* MyCusViewController.m in Sources */ = {isa = PBXBuildFile; fileRef = 6D650B011BD427DC008B5FA1 /* MyCusViewController.m */; };
		6D650B071BD427DC008B5FA1 /* SQScrollViewController.m in Sources */ = {isa = PBXBuildFile; fileRef = 6D650B031BD427DC008B5FA1 /* SQScrollViewController.m */; };
		6D650B081BD427DC008B5FA1 /* ScaleImageView.m in Sources */ = {isa = PBXBuildFile; fileRef = 6D650B051BD427DC008B5FA1 /* ScaleImageView.m */; };
		6D8BC5571BAF8143001F20F0 /* SRXDataClass.proto in Resources */ = {isa = PBXBuildFile; fileRef = 6D8BC5551BAF8143001F20F0 /* SRXDataClass.proto */; };
		6D8BC55C1BB241B3001F20F0 /* SRXDataLocation.proto in Resources */ = {isa = PBXBuildFile; fileRef = 6D8BC55B1BB241B3001F20F0 /* SRXDataLocation.proto */; };
		6D8BC5681BB3C5EC001F20F0 /* SRXApi.proto in Resources */ = {isa = PBXBuildFile; fileRef = 6D8BC5671BB3C5EC001F20F0 /* SRXApi.proto */; };
		6D8BC56E1BB51302001F20F0 /* SRXParseApi.m in Sources */ = {isa = PBXBuildFile; fileRef = 6D8BC56D1BB51302001F20F0 /* SRXParseApi.m */; };
		6D8BC5711BB59B95001F20F0 /* SRXApiFactory.m in Sources */ = {isa = PBXBuildFile; fileRef = 6D8BC5701BB59B95001F20F0 /* SRXApiFactory.m */; };
		6D9AA66F1BB89CB300B66099 /* SRXSingleSelectionTableViewController.m in Sources */ = {isa = PBXBuildFile; fileRef = 6D9AA66E1BB89CB300B66099 /* SRXSingleSelectionTableViewController.m */; };
		6D9AA6721BB8CE9000B66099 /* SRXClassUtil.m in Sources */ = {isa = PBXBuildFile; fileRef = 6D9AA6711BB8CE9000B66099 /* SRXClassUtil.m */; };
		6DDE27ED1B8ED2DB00A855E5 /* SRXLogInSignUpViewController.m in Sources */ = {isa = PBXBuildFile; fileRef = 6DDE27EB1B8ED2DB00A855E5 /* SRXLogInSignUpViewController.m */; };
		6DDE27EE1B8ED2DB00A855E5 /* SRXLogInSignUpViewController.xib in Resources */ = {isa = PBXBuildFile; fileRef = 6DDE27EC1B8ED2DB00A855E5 /* SRXLogInSignUpViewController.xib */; };
		6DDE27F21B8ED2EC00A855E5 /* SRXSignUpDetailViewController.m in Sources */ = {isa = PBXBuildFile; fileRef = 6DDE27F01B8ED2EC00A855E5 /* SRXSignUpDetailViewController.m */; };
		6DDE27F31B8ED2EC00A855E5 /* SRXSignUpDetailViewController.xib in Resources */ = {isa = PBXBuildFile; fileRef = 6DDE27F11B8ED2EC00A855E5 /* SRXSignUpDetailViewController.xib */; };
		6DDE27F71B90ADED00A855E5 /* SRXLogInViewController.m in Sources */ = {isa = PBXBuildFile; fileRef = 6DDE27F51B90ADED00A855E5 /* SRXLogInViewController.m */; };
		6DDE27F81B90ADED00A855E5 /* SRXLogInViewController.xib in Resources */ = {isa = PBXBuildFile; fileRef = 6DDE27F61B90ADED00A855E5 /* SRXLogInViewController.xib */; };
		6DDE27FF1B90AE3F00A855E5 /* SRXSignUpViewController.m in Sources */ = {isa = PBXBuildFile; fileRef = 6DDE27FD1B90AE3F00A855E5 /* SRXSignUpViewController.m */; };
		6DDE28001B90AE3F00A855E5 /* SRXSignUpViewController.xib in Resources */ = {isa = PBXBuildFile; fileRef = 6DDE27FE1B90AE3F00A855E5 /* SRXSignUpViewController.xib */; };
		6DDE28041B90AE5D00A855E5 /* SRXLogInDetailViewController.m in Sources */ = {isa = PBXBuildFile; fileRef = 6DDE28021B90AE5D00A855E5 /* SRXLogInDetailViewController.m */; };
		6DDE28051B90AE5D00A855E5 /* SRXLogInDetailViewController.xib in Resources */ = {isa = PBXBuildFile; fileRef = 6DDE28031B90AE5D00A855E5 /* SRXLogInDetailViewController.xib */; };
		6DDE28091B928C4800A855E5 /* SRXColor.m in Sources */ = {isa = PBXBuildFile; fileRef = 6DDE28081B928C4800A855E5 /* SRXColor.m */; };
		6DDE280C1B92D35B00A855E5 /* SRXUserAccountSuperViewController.m in Sources */ = {isa = PBXBuildFile; fileRef = 6DDE280B1B92D35B00A855E5 /* SRXUserAccountSuperViewController.m */; };
		6DDE28141B93E48300A855E5 /* SRXUserInfoKeys.m in Sources */ = {isa = PBXBuildFile; fileRef = 6DDE28131B93E48300A855E5 /* SRXUserInfoKeys.m */; };
		6DDE28171B94034900A855E5 /* SRXUserInputVerifier.m in Sources */ = {isa = PBXBuildFile; fileRef = 6DDE28161B94034900A855E5 /* SRXUserInputVerifier.m */; };
		6DDE28391B9CA8FF00A855E5 /* SRXTeacherClassTableViewController.m in Sources */ = {isa = PBXBuildFile; fileRef = 6DDE28381B9CA8FF00A855E5 /* SRXTeacherClassTableViewController.m */; };
		6DDE28471B9E499600A855E5 /* SRXTeacherClassCell.m in Sources */ = {isa = PBXBuildFile; fileRef = 6DDE28451B9E499600A855E5 /* SRXTeacherClassCell.m */; };
		6DDE28481B9E499600A855E5 /* SRXTeacherClassCell.xib in Resources */ = {isa = PBXBuildFile; fileRef = 6DDE28461B9E499600A855E5 /* SRXTeacherClassCell.xib */; };
		6DDE28521B9E6B1F00A855E5 /* SRXTeacherOpenClassViewController.m in Sources */ = {isa = PBXBuildFile; fileRef = 6DDE28501B9E6B1F00A855E5 /* SRXTeacherOpenClassViewController.m */; };
		6DDE28561BA2742500A855E5 /* SRXPhotoCell.m in Sources */ = {isa = PBXBuildFile; fileRef = 6DDE28551BA2742500A855E5 /* SRXPhotoCell.m */; };
		6DDE28581BA28AFF00A855E5 /* SRXPhotoCell.xib in Resources */ = {isa = PBXBuildFile; fileRef = 6DDE28571BA28AFF00A855E5 /* SRXPhotoCell.xib */; };
		6DDE28651BA3E82100A855E5 /* SRXImageViewController.m in Sources */ = {isa = PBXBuildFile; fileRef = 6DDE28641BA3E82100A855E5 /* SRXImageViewController.m */; };
		6DDE28671BA4A2FC00A855E5 /* SRXImageViewController.xib in Resources */ = {isa = PBXBuildFile; fileRef = 6DDE28661BA4A2FC00A855E5 /* SRXImageViewController.xib */; };
		6DE4B5D01BEDCA680056C998 /* T1SchoolOverViewVC.m in Sources */ = {isa = PBXBuildFile; fileRef = 6DE4B5CF1BEDCA680056C998 /* T1SchoolOverViewVC.m */; };
		6DE4B5DC1BEDD0DB0056C998 /* T11SchoolInfoVC.m in Sources */ = {isa = PBXBuildFile; fileRef = 6DE4B5D21BEDD0DB0056C998 /* T11SchoolInfoVC.m */; };
		6DE4B5DF1BEDD0DB0056C998 /* T111SchoolEditorVC.m in Sources */ = {isa = PBXBuildFile; fileRef = 6DE4B5D81BEDD0DB0056C998 /* T111SchoolEditorVC.m */; };
		6DE4B5E81BEEC6140056C998 /* ImageTableCell.m in Sources */ = {isa = PBXBuildFile; fileRef = 6DE4B5E31BEEC6140056C998 /* ImageTableCell.m */; };
		6DE4B5E91BEEC6140056C998 /* ImageTableCell.xib in Resources */ = {isa = PBXBuildFile; fileRef = 6DE4B5E41BEEC6140056C998 /* ImageTableCell.xib */; };
		6DE4B5EA1BEEC6140056C998 /* MapTableCell.m in Sources */ = {isa = PBXBuildFile; fileRef = 6DE4B5E61BEEC6140056C998 /* MapTableCell.m */; };
		6DE4B5EB1BEEC6140056C998 /* MapTableCell.xib in Resources */ = {isa = PBXBuildFile; fileRef = 6DE4B5E71BEEC6140056C998 /* MapTableCell.xib */; };
		6DE4B5EE1BEFD7DF0056C998 /* SRXEnvironment.m in Sources */ = {isa = PBXBuildFile; fileRef = 6DE4B5ED1BEFD7DF0056C998 /* SRXEnvironment.m */; };
		6DE4B5F11BF00C0C0056C998 /* SRXStartVC.m in Sources */ = {isa = PBXBuildFile; fileRef = 6DE4B5F01BF00C0C0056C998 /* SRXStartVC.m */; };
		6DE899A31BC04E1500964AD8 /* SRXStudentClassViewController.m in Sources */ = {isa = PBXBuildFile; fileRef = 6DE899A21BC04E1500964AD8 /* SRXStudentClassViewController.m */; };
		6DFF41541BDCAA36003DACF5 /* SRXStudentListViewController.m in Sources */ = {isa = PBXBuildFile; fileRef = 6DFF41531BDCAA36003DACF5 /* SRXStudentListViewController.m */; };
		8D8141B3AA500668C9BF0C78 /* libPods.a in Frameworks */ = {isa = PBXBuildFile; fileRef = DBAE63C5220B30CD95D2D17A /* libPods.a */; };
		964E3EE19B6597FB03DB9DAE /* libPods.a in Frameworks */ = {isa = PBXBuildFile; fileRef = DBAE63C5220B30CD95D2D17A /* libPods.a */; };
/* End PBXBuildFile section */

/* Begin PBXContainerItemProxy section */
		6D0861421B6EE52200BC5910 /* PBXContainerItemProxy */ = {
			isa = PBXContainerItemProxy;
			containerPortal = 6D0861201B6EE52200BC5910 /* Project object */;
			proxyType = 1;
			remoteGlobalIDString = 6D0861271B6EE52200BC5910;
			remoteInfo = DropPinOnMapView;
		};
/* End PBXContainerItemProxy section */

/* Begin PBXFileReference section */
		6D013EAD1B77E1CA006D13B9 /* SchoolMapAnnotation.h */ = {isa = PBXFileReference; fileEncoding = 4; lastKnownFileType = sourcecode.c.h; name = SchoolMapAnnotation.h; path = DropPinOnMapView/SchoolMapAnnotation.h; sourceTree = "<group>"; };
		6D013EAE1B77E1CA006D13B9 /* SchoolMapAnnotation.m */ = {isa = PBXFileReference; fileEncoding = 4; lastKnownFileType = sourcecode.c.objc; name = SchoolMapAnnotation.m; path = DropPinOnMapView/SchoolMapAnnotation.m; sourceTree = "<group>"; };
		6D013EB01B782431006D13B9 /* congfucius_study.jpg */ = {isa = PBXFileReference; lastKnownFileType = image.jpeg; path = congfucius_study.jpg; sourceTree = "<group>"; };
		6D013EB31B78F368006D13B9 /* CCLocationManager.h */ = {isa = PBXFileReference; fileEncoding = 4; lastKnownFileType = sourcecode.c.h; path = CCLocationManager.h; sourceTree = "<group>"; };
		6D013EB41B78F368006D13B9 /* CCLocationManager.m */ = {isa = PBXFileReference; fileEncoding = 4; lastKnownFileType = sourcecode.c.objc; path = CCLocationManager.m; sourceTree = "<group>"; };
		6D013EB61B78FB73006D13B9 /* CLLocation+YCLocation.h */ = {isa = PBXFileReference; fileEncoding = 4; lastKnownFileType = sourcecode.c.h; path = "CLLocation+YCLocation.h"; sourceTree = "<group>"; };
		6D013EB71B78FB73006D13B9 /* CLLocation+YCLocation.m */ = {isa = PBXFileReference; fileEncoding = 4; lastKnownFileType = sourcecode.c.objc; path = "CLLocation+YCLocation.m"; sourceTree = "<group>"; };
		6D013EB91B79BBB8006D13B9 /* Icon@2x.png */ = {isa = PBXFileReference; lastKnownFileType = image.png; path = "Icon@2x.png"; sourceTree = "<group>"; };
		6D013EC01B7F9C6E006D13B9 /* SRXStudentMapViewController.h */ = {isa = PBXFileReference; fileEncoding = 4; lastKnownFileType = sourcecode.c.h; name = SRXStudentMapViewController.h; path = DropPinOnMapView/SRXStudentMapViewController.h; sourceTree = "<group>"; };
		6D013EC11B7F9C6E006D13B9 /* SRXStudentMapViewController.m */ = {isa = PBXFileReference; fileEncoding = 4; lastKnownFileType = sourcecode.c.objc; name = SRXStudentMapViewController.m; path = DropPinOnMapView/SRXStudentMapViewController.m; sourceTree = "<group>"; };
		6D013EC41B80D70E006D13B9 /* switch_course_grey.png */ = {isa = PBXFileReference; lastKnownFileType = image.png; path = switch_course_grey.png; sourceTree = "<group>"; };
		6D013EC61B80D757006D13B9 /* gnome_session_switch.png */ = {isa = PBXFileReference; lastKnownFileType = image.png; path = gnome_session_switch.png; sourceTree = "<group>"; };
		6D013EC81B80DA19006D13B9 /* right2_filled-25.png */ = {isa = PBXFileReference; lastKnownFileType = image.png; path = "right2_filled-25.png"; sourceTree = "<group>"; };
		6D013EC91B80DA19006D13B9 /* right2-25.png */ = {isa = PBXFileReference; lastKnownFileType = image.png; path = "right2-25.png"; sourceTree = "<group>"; };
		6D013ED11B80E6F7006D13B9 /* aries_filled-25.png */ = {isa = PBXFileReference; lastKnownFileType = image.png; path = "aries_filled-25.png"; sourceTree = "<group>"; };
		6D0861281B6EE52200BC5910 /* DropPinOnMapView.app */ = {isa = PBXFileReference; explicitFileType = wrapper.application; includeInIndex = 0; path = DropPinOnMapView.app; sourceTree = BUILT_PRODUCTS_DIR; };
		6D08612C1B6EE52200BC5910 /* Info.plist */ = {isa = PBXFileReference; lastKnownFileType = text.plist.xml; path = Info.plist; sourceTree = "<group>"; };
		6D08612D1B6EE52200BC5910 /* main.m */ = {isa = PBXFileReference; lastKnownFileType = sourcecode.c.objc; path = main.m; sourceTree = "<group>"; };
		6D08612F1B6EE52200BC5910 /* AppDelegate.h */ = {isa = PBXFileReference; lastKnownFileType = sourcecode.c.h; path = AppDelegate.h; sourceTree = "<group>"; };
		6D0861301B6EE52200BC5910 /* AppDelegate.m */ = {isa = PBXFileReference; lastKnownFileType = sourcecode.c.objc; path = AppDelegate.m; sourceTree = "<group>"; };
		6D0861321B6EE52200BC5910 /* ViewController.h */ = {isa = PBXFileReference; lastKnownFileType = sourcecode.c.h; path = ViewController.h; sourceTree = "<group>"; };
		6D0861331B6EE52200BC5910 /* ViewController.m */ = {isa = PBXFileReference; lastKnownFileType = sourcecode.c.objc; path = ViewController.m; sourceTree = "<group>"; };
		6D0861361B6EE52200BC5910 /* Base */ = {isa = PBXFileReference; lastKnownFileType = file.storyboard; name = Base; path = Base.lproj/Main.storyboard; sourceTree = "<group>"; };
		6D0861381B6EE52200BC5910 /* Images.xcassets */ = {isa = PBXFileReference; lastKnownFileType = folder.assetcatalog; path = Images.xcassets; sourceTree = "<group>"; };
		6D08613B1B6EE52200BC5910 /* Base */ = {isa = PBXFileReference; lastKnownFileType = file.xib; name = Base; path = Base.lproj/LaunchScreen.xib; sourceTree = "<group>"; };
		6D0861411B6EE52200BC5910 /* DropPinOnMapViewTests.xctest */ = {isa = PBXFileReference; explicitFileType = wrapper.cfbundle; includeInIndex = 0; path = DropPinOnMapViewTests.xctest; sourceTree = BUILT_PRODUCTS_DIR; };
		6D0861461B6EE52200BC5910 /* Info.plist */ = {isa = PBXFileReference; lastKnownFileType = text.plist.xml; path = Info.plist; sourceTree = "<group>"; };
		6D0861471B6EE52200BC5910 /* DropPinOnMapViewTests.m */ = {isa = PBXFileReference; lastKnownFileType = sourcecode.c.objc; path = DropPinOnMapViewTests.m; sourceTree = "<group>"; };
		6D0861561B6EE73600BC5910 /* MapKit.framework */ = {isa = PBXFileReference; lastKnownFileType = wrapper.framework; name = MapKit.framework; path = System/Library/Frameworks/MapKit.framework; sourceTree = SDKROOT; };
		6D0861581B6EEF4000BC5910 /* CoreLocation.framework */ = {isa = PBXFileReference; lastKnownFileType = wrapper.framework; name = CoreLocation.framework; path = System/Library/Frameworks/CoreLocation.framework; sourceTree = SDKROOT; };
		6D18F7EB1BA5DD97004A9F66 /* ELCAlbumPickerController.h */ = {isa = PBXFileReference; fileEncoding = 4; lastKnownFileType = sourcecode.c.h; path = ELCAlbumPickerController.h; sourceTree = "<group>"; };
		6D18F7EC1BA5DD97004A9F66 /* ELCAlbumPickerController.m */ = {isa = PBXFileReference; fileEncoding = 4; lastKnownFileType = sourcecode.c.objc; path = ELCAlbumPickerController.m; sourceTree = "<group>"; };
		6D18F7ED1BA5DD97004A9F66 /* ELCAsset.h */ = {isa = PBXFileReference; fileEncoding = 4; lastKnownFileType = sourcecode.c.h; path = ELCAsset.h; sourceTree = "<group>"; };
		6D18F7EE1BA5DD97004A9F66 /* ELCAsset.m */ = {isa = PBXFileReference; fileEncoding = 4; lastKnownFileType = sourcecode.c.objc; path = ELCAsset.m; sourceTree = "<group>"; };
		6D18F7EF1BA5DD97004A9F66 /* ELCAssetCell.h */ = {isa = PBXFileReference; fileEncoding = 4; lastKnownFileType = sourcecode.c.h; path = ELCAssetCell.h; sourceTree = "<group>"; };
		6D18F7F01BA5DD97004A9F66 /* ELCAssetCell.m */ = {isa = PBXFileReference; fileEncoding = 4; lastKnownFileType = sourcecode.c.objc; path = ELCAssetCell.m; sourceTree = "<group>"; };
		6D18F7F11BA5DD97004A9F66 /* ELCAssetSelectionDelegate.h */ = {isa = PBXFileReference; fileEncoding = 4; lastKnownFileType = sourcecode.c.h; path = ELCAssetSelectionDelegate.h; sourceTree = "<group>"; };
		6D18F7F21BA5DD97004A9F66 /* ELCAssetPickerFilterDelegate.h */ = {isa = PBXFileReference; fileEncoding = 4; lastKnownFileType = sourcecode.c.h; path = ELCAssetPickerFilterDelegate.h; sourceTree = "<group>"; };
		6D18F7F31BA5DD97004A9F66 /* ELCAssetTablePicker.h */ = {isa = PBXFileReference; fileEncoding = 4; lastKnownFileType = sourcecode.c.h; path = ELCAssetTablePicker.h; sourceTree = "<group>"; };
		6D18F7F41BA5DD97004A9F66 /* ELCAssetTablePicker.m */ = {isa = PBXFileReference; fileEncoding = 4; lastKnownFileType = sourcecode.c.objc; path = ELCAssetTablePicker.m; sourceTree = "<group>"; };
		6D18F7F51BA5DD97004A9F66 /* ELCImagePickerController.h */ = {isa = PBXFileReference; fileEncoding = 4; lastKnownFileType = sourcecode.c.h; path = ELCImagePickerController.h; sourceTree = "<group>"; };
		6D18F7F61BA5DD97004A9F66 /* ELCImagePickerController.m */ = {isa = PBXFileReference; fileEncoding = 4; lastKnownFileType = sourcecode.c.objc; path = ELCImagePickerController.m; sourceTree = "<group>"; };
		6D18F7F71BA5DD97004A9F66 /* ELCImagePickerHeader.h */ = {isa = PBXFileReference; fileEncoding = 4; lastKnownFileType = sourcecode.c.h; path = ELCImagePickerHeader.h; sourceTree = "<group>"; };
		6D18F7F81BA5DD97004A9F66 /* ELCConsole.h */ = {isa = PBXFileReference; fileEncoding = 4; lastKnownFileType = sourcecode.c.h; path = ELCConsole.h; sourceTree = "<group>"; };
		6D18F7F91BA5DD97004A9F66 /* ELCConsole.m */ = {isa = PBXFileReference; fileEncoding = 4; lastKnownFileType = sourcecode.c.objc; path = ELCConsole.m; sourceTree = "<group>"; };
		6D18F7FA1BA5DD97004A9F66 /* ELCOverlayImageView.h */ = {isa = PBXFileReference; fileEncoding = 4; lastKnownFileType = sourcecode.c.h; path = ELCOverlayImageView.h; sourceTree = "<group>"; };
		6D18F7FB1BA5DD97004A9F66 /* ELCOverlayImageView.m */ = {isa = PBXFileReference; fileEncoding = 4; lastKnownFileType = sourcecode.c.objc; path = ELCOverlayImageView.m; sourceTree = "<group>"; };
		6D18F8031BA638C0004A9F66 /* plus_sign.png */ = {isa = PBXFileReference; lastKnownFileType = image.png; path = plus_sign.png; sourceTree = "<group>"; };
		6D18F8081BA64897004A9F66 /* Base */ = {isa = PBXFileReference; lastKnownFileType = file.storyboard; name = Base; path = Base.lproj/Teacher.Storyboard; sourceTree = "<group>"; };
		6D18F80A1BA648B3004A9F66 /* zh-Hans */ = {isa = PBXFileReference; lastKnownFileType = text.plist.strings; name = "zh-Hans"; path = "zh-Hans.lproj/Teacher.strings"; sourceTree = "<group>"; };
		6D18F80B1BA65256004A9F66 /* Localizable.strings */ = {isa = PBXFileReference; fileEncoding = 4; lastKnownFileType = text.plist.strings; name = Localizable.strings; path = ../Localizable.strings; sourceTree = "<group>"; };
		6D18F80E1BA659DE004A9F66 /* Base */ = {isa = PBXFileReference; lastKnownFileType = file.xib; name = Base; path = Base.lproj/SRXTeacherOpenClassViewController.xib; sourceTree = "<group>"; };
		6D18F8111BA659E3004A9F66 /* zh-Hans */ = {isa = PBXFileReference; lastKnownFileType = text.plist.strings; name = "zh-Hans"; path = "zh-Hans.lproj/SRXTeacherOpenClassViewController.strings"; sourceTree = "<group>"; };
		6D18F8161BA65C55004A9F66 /* SRXTeacherMeViewController.h */ = {isa = PBXFileReference; fileEncoding = 4; lastKnownFileType = sourcecode.c.h; path = SRXTeacherMeViewController.h; sourceTree = "<group>"; };
		6D18F8171BA65C55004A9F66 /* SRXTeacherMeViewController.m */ = {isa = PBXFileReference; fileEncoding = 4; lastKnownFileType = sourcecode.c.objc; path = SRXTeacherMeViewController.m; sourceTree = "<group>"; };
		6D197EAA1BE2F801005A9C09 /* SRXDataPersonName.proto */ = {isa = PBXFileReference; fileEncoding = 4; lastKnownFileType = text; name = SRXDataPersonName.proto; path = Proto/SRXDataPersonName.proto; sourceTree = "<group>"; };
		6D197EAB1BE2F801005A9C09 /* SRXDataSchool.proto */ = {isa = PBXFileReference; fileEncoding = 4; lastKnownFileType = text; name = SRXDataSchool.proto; path = Proto/SRXDataSchool.proto; sourceTree = "<group>"; };
		6D197EAC1BE2F801005A9C09 /* SRXDataTeacher.proto */ = {isa = PBXFileReference; fileEncoding = 4; lastKnownFileType = text; name = SRXDataTeacher.proto; path = Proto/SRXDataTeacher.proto; sourceTree = "<group>"; };
		6D197EB01BE2FAA2005A9C09 /* SRXDataPersonName.pb.h */ = {isa = PBXFileReference; fileEncoding = 4; lastKnownFileType = sourcecode.c.h; name = SRXDataPersonName.pb.h; path = ProtoGen/SRXDataPersonName.pb.h; sourceTree = "<group>"; };
		6D197EB11BE2FAA2005A9C09 /* SRXDataPersonName.pb.m */ = {isa = PBXFileReference; fileEncoding = 4; lastKnownFileType = sourcecode.c.objc; name = SRXDataPersonName.pb.m; path = ProtoGen/SRXDataPersonName.pb.m; sourceTree = "<group>"; };
		6D197EB21BE2FAA2005A9C09 /* SRXDataSchool.pb.h */ = {isa = PBXFileReference; fileEncoding = 4; lastKnownFileType = sourcecode.c.h; name = SRXDataSchool.pb.h; path = ProtoGen/SRXDataSchool.pb.h; sourceTree = "<group>"; };
		6D197EB31BE2FAA2005A9C09 /* SRXDataSchool.pb.m */ = {isa = PBXFileReference; fileEncoding = 4; lastKnownFileType = sourcecode.c.objc; name = SRXDataSchool.pb.m; path = ProtoGen/SRXDataSchool.pb.m; sourceTree = "<group>"; };
		6D197EB41BE2FAA2005A9C09 /* SRXDataTeacher.pb.h */ = {isa = PBXFileReference; fileEncoding = 4; lastKnownFileType = sourcecode.c.h; name = SRXDataTeacher.pb.h; path = ProtoGen/SRXDataTeacher.pb.h; sourceTree = "<group>"; };
		6D197EB51BE2FAA2005A9C09 /* SRXDataTeacher.pb.m */ = {isa = PBXFileReference; fileEncoding = 4; lastKnownFileType = sourcecode.c.objc; name = SRXDataTeacher.pb.m; path = ProtoGen/SRXDataTeacher.pb.m; sourceTree = "<group>"; };
		6D2DE7FF1B88EA4A00889E17 /* SRXMeViewController.h */ = {isa = PBXFileReference; fileEncoding = 4; lastKnownFileType = sourcecode.c.h; path = SRXMeViewController.h; sourceTree = "<group>"; };
		6D2DE8001B88EA4A00889E17 /* SRXMeViewController.m */ = {isa = PBXFileReference; fileEncoding = 4; lastKnownFileType = sourcecode.c.objc; path = SRXMeViewController.m; sourceTree = "<group>"; };
		6D2DE8021B88EDF400889E17 /* Bolts.framework */ = {isa = PBXFileReference; lastKnownFileType = wrapper.framework; path = Bolts.framework; sourceTree = "<group>"; };
		6D2DE8031B88EDF400889E17 /* Parse.framework */ = {isa = PBXFileReference; lastKnownFileType = wrapper.framework; path = Parse.framework; sourceTree = "<group>"; };
		6D2DE8061B88EE5600889E17 /* AudioToolbox.framework */ = {isa = PBXFileReference; lastKnownFileType = wrapper.framework; name = AudioToolbox.framework; path = System/Library/Frameworks/AudioToolbox.framework; sourceTree = SDKROOT; };
		6D2DE8071B88EE5600889E17 /* CFNetwork.framework */ = {isa = PBXFileReference; lastKnownFileType = wrapper.framework; name = CFNetwork.framework; path = System/Library/Frameworks/CFNetwork.framework; sourceTree = SDKROOT; };
		6D2DE8081B88EE5600889E17 /* CoreGraphics.framework */ = {isa = PBXFileReference; lastKnownFileType = wrapper.framework; name = CoreGraphics.framework; path = System/Library/Frameworks/CoreGraphics.framework; sourceTree = SDKROOT; };
		6D2DE8091B88EE5600889E17 /* Security.framework */ = {isa = PBXFileReference; lastKnownFileType = wrapper.framework; name = Security.framework; path = System/Library/Frameworks/Security.framework; sourceTree = SDKROOT; };
		6D2DE80A1B88EE5600889E17 /* StoreKit.framework */ = {isa = PBXFileReference; lastKnownFileType = wrapper.framework; name = StoreKit.framework; path = System/Library/Frameworks/StoreKit.framework; sourceTree = SDKROOT; };
		6D2DE80B1B88EE5600889E17 /* SystemConfiguration.framework */ = {isa = PBXFileReference; lastKnownFileType = wrapper.framework; name = SystemConfiguration.framework; path = System/Library/Frameworks/SystemConfiguration.framework; sourceTree = SDKROOT; };
		6D2DE8121B88EE8300889E17 /* libsqlite3.dylib */ = {isa = PBXFileReference; lastKnownFileType = "compiled.mach-o.dylib"; name = libsqlite3.dylib; path = usr/lib/libsqlite3.dylib; sourceTree = SDKROOT; };
		6D2DE8131B88EE8300889E17 /* libz.dylib */ = {isa = PBXFileReference; lastKnownFileType = "compiled.mach-o.dylib"; name = libz.dylib; path = usr/lib/libz.dylib; sourceTree = SDKROOT; };
		6D6274A81B884BFE00023458 /* ParseUI.framework */ = {isa = PBXFileReference; lastKnownFileType = wrapper.framework; path = ParseUI.framework; sourceTree = "<group>"; };
		6D650A6C1BC97C9F008B5FA1 /* SRXDataImage.proto */ = {isa = PBXFileReference; fileEncoding = 4; lastKnownFileType = text; name = SRXDataImage.proto; path = Proto/SRXDataImage.proto; sourceTree = "<group>"; };
		6D650A6E1BC97D00008B5FA1 /* SRXApi.pb.h */ = {isa = PBXFileReference; fileEncoding = 4; lastKnownFileType = sourcecode.c.h; name = SRXApi.pb.h; path = ProtoGen/SRXApi.pb.h; sourceTree = "<group>"; };
		6D650A6F1BC97D00008B5FA1 /* SRXApi.pb.m */ = {isa = PBXFileReference; fileEncoding = 4; lastKnownFileType = sourcecode.c.objc; name = SRXApi.pb.m; path = ProtoGen/SRXApi.pb.m; sourceTree = "<group>"; };
		6D650A701BC97D00008B5FA1 /* SRXDataClass.pb.h */ = {isa = PBXFileReference; fileEncoding = 4; lastKnownFileType = sourcecode.c.h; name = SRXDataClass.pb.h; path = ProtoGen/SRXDataClass.pb.h; sourceTree = "<group>"; };
		6D650A711BC97D00008B5FA1 /* SRXDataClass.pb.m */ = {isa = PBXFileReference; fileEncoding = 4; lastKnownFileType = sourcecode.c.objc; name = SRXDataClass.pb.m; path = ProtoGen/SRXDataClass.pb.m; sourceTree = "<group>"; };
		6D650A721BC97D00008B5FA1 /* SRXDataImage.pb.h */ = {isa = PBXFileReference; fileEncoding = 4; lastKnownFileType = sourcecode.c.h; name = SRXDataImage.pb.h; path = ProtoGen/SRXDataImage.pb.h; sourceTree = "<group>"; };
		6D650A731BC97D00008B5FA1 /* SRXDataImage.pb.m */ = {isa = PBXFileReference; fileEncoding = 4; lastKnownFileType = sourcecode.c.objc; name = SRXDataImage.pb.m; path = ProtoGen/SRXDataImage.pb.m; sourceTree = "<group>"; };
		6D650A741BC97D00008B5FA1 /* SRXDataLocation.pb.h */ = {isa = PBXFileReference; fileEncoding = 4; lastKnownFileType = sourcecode.c.h; name = SRXDataLocation.pb.h; path = ProtoGen/SRXDataLocation.pb.h; sourceTree = "<group>"; };
		6D650A751BC97D00008B5FA1 /* SRXDataLocation.pb.m */ = {isa = PBXFileReference; fileEncoding = 4; lastKnownFileType = sourcecode.c.objc; name = SRXDataLocation.pb.m; path = ProtoGen/SRXDataLocation.pb.m; sourceTree = "<group>"; };
		6D650AAF1BCAD2A8008B5FA1 /* SRXImage.h */ = {isa = PBXFileReference; fileEncoding = 4; lastKnownFileType = sourcecode.c.h; path = SRXImage.h; sourceTree = "<group>"; };
		6D650AB01BCAD2A8008B5FA1 /* SRXImage.m */ = {isa = PBXFileReference; fileEncoding = 4; lastKnownFileType = sourcecode.c.objc; path = SRXImage.m; sourceTree = "<group>"; };
		6D650AB41BD2C120008B5FA1 /* SRXImageScrollViewController.h */ = {isa = PBXFileReference; fileEncoding = 4; lastKnownFileType = sourcecode.c.h; path = SRXImageScrollViewController.h; sourceTree = "<group>"; };
		6D650AB51BD2C120008B5FA1 /* SRXImageScrollViewController.m */ = {isa = PBXFileReference; fileEncoding = 4; lastKnownFileType = sourcecode.c.objc; path = SRXImageScrollViewController.m; sourceTree = "<group>"; };
		6D650B001BD427DC008B5FA1 /* MyCusViewController.h */ = {isa = PBXFileReference; fileEncoding = 4; lastKnownFileType = sourcecode.c.h; path = MyCusViewController.h; sourceTree = "<group>"; };
		6D650B011BD427DC008B5FA1 /* MyCusViewController.m */ = {isa = PBXFileReference; fileEncoding = 4; lastKnownFileType = sourcecode.c.objc; path = MyCusViewController.m; sourceTree = "<group>"; };
		6D650B021BD427DC008B5FA1 /* SQScrollViewController.h */ = {isa = PBXFileReference; fileEncoding = 4; lastKnownFileType = sourcecode.c.h; path = SQScrollViewController.h; sourceTree = "<group>"; };
		6D650B031BD427DC008B5FA1 /* SQScrollViewController.m */ = {isa = PBXFileReference; fileEncoding = 4; lastKnownFileType = sourcecode.c.objc; path = SQScrollViewController.m; sourceTree = "<group>"; };
		6D650B041BD427DC008B5FA1 /* ScaleImageView.h */ = {isa = PBXFileReference; fileEncoding = 4; lastKnownFileType = sourcecode.c.h; path = ScaleImageView.h; sourceTree = "<group>"; };
		6D650B051BD427DC008B5FA1 /* ScaleImageView.m */ = {isa = PBXFileReference; fileEncoding = 4; lastKnownFileType = sourcecode.c.objc; path = ScaleImageView.m; sourceTree = "<group>"; };
		6D8BC5551BAF8143001F20F0 /* SRXDataClass.proto */ = {isa = PBXFileReference; fileEncoding = 4; lastKnownFileType = text; name = SRXDataClass.proto; path = Proto/SRXDataClass.proto; sourceTree = "<group>"; };
		6D8BC55B1BB241B3001F20F0 /* SRXDataLocation.proto */ = {isa = PBXFileReference; fileEncoding = 4; lastKnownFileType = text; name = SRXDataLocation.proto; path = Proto/SRXDataLocation.proto; sourceTree = "<group>"; };
		6D8BC5661BB3C2D8001F20F0 /* SRXProtocols.h */ = {isa = PBXFileReference; lastKnownFileType = sourcecode.c.h; name = SRXProtocols.h; path = API/SRXProtocols.h; sourceTree = "<group>"; };
		6D8BC5671BB3C5EC001F20F0 /* SRXApi.proto */ = {isa = PBXFileReference; fileEncoding = 4; lastKnownFileType = text; name = SRXApi.proto; path = Proto/SRXApi.proto; sourceTree = "<group>"; };
		6D8BC56C1BB51302001F20F0 /* SRXParseApi.h */ = {isa = PBXFileReference; fileEncoding = 4; lastKnownFileType = sourcecode.c.h; name = SRXParseApi.h; path = API/SRXParseApi.h; sourceTree = "<group>"; };
		6D8BC56D1BB51302001F20F0 /* SRXParseApi.m */ = {isa = PBXFileReference; fileEncoding = 4; lastKnownFileType = sourcecode.c.objc; name = SRXParseApi.m; path = API/SRXParseApi.m; sourceTree = "<group>"; };
		6D8BC56F1BB59B95001F20F0 /* SRXApiFactory.h */ = {isa = PBXFileReference; fileEncoding = 4; lastKnownFileType = sourcecode.c.h; name = SRXApiFactory.h; path = API/SRXApiFactory.h; sourceTree = "<group>"; };
		6D8BC5701BB59B95001F20F0 /* SRXApiFactory.m */ = {isa = PBXFileReference; fileEncoding = 4; lastKnownFileType = sourcecode.c.objc; name = SRXApiFactory.m; path = API/SRXApiFactory.m; sourceTree = "<group>"; };
		6D9AA66D1BB89CB300B66099 /* SRXSingleSelectionTableViewController.h */ = {isa = PBXFileReference; fileEncoding = 4; lastKnownFileType = sourcecode.c.h; path = SRXSingleSelectionTableViewController.h; sourceTree = "<group>"; };
		6D9AA66E1BB89CB300B66099 /* SRXSingleSelectionTableViewController.m */ = {isa = PBXFileReference; fileEncoding = 4; lastKnownFileType = sourcecode.c.objc; path = SRXSingleSelectionTableViewController.m; sourceTree = "<group>"; };
		6D9AA6701BB8CE9000B66099 /* SRXClassUtil.h */ = {isa = PBXFileReference; fileEncoding = 4; lastKnownFileType = sourcecode.c.h; path = SRXClassUtil.h; sourceTree = "<group>"; };
		6D9AA6711BB8CE9000B66099 /* SRXClassUtil.m */ = {isa = PBXFileReference; fileEncoding = 4; lastKnownFileType = sourcecode.c.objc; path = SRXClassUtil.m; sourceTree = "<group>"; };
		6DDE27EA1B8ED2DB00A855E5 /* SRXLogInSignUpViewController.h */ = {isa = PBXFileReference; fileEncoding = 4; lastKnownFileType = sourcecode.c.h; path = SRXLogInSignUpViewController.h; sourceTree = "<group>"; };
		6DDE27EB1B8ED2DB00A855E5 /* SRXLogInSignUpViewController.m */ = {isa = PBXFileReference; fileEncoding = 4; lastKnownFileType = sourcecode.c.objc; path = SRXLogInSignUpViewController.m; sourceTree = "<group>"; };
		6DDE27EC1B8ED2DB00A855E5 /* SRXLogInSignUpViewController.xib */ = {isa = PBXFileReference; fileEncoding = 4; lastKnownFileType = file.xib; path = SRXLogInSignUpViewController.xib; sourceTree = "<group>"; };
		6DDE27EF1B8ED2EC00A855E5 /* SRXSignupDetailViewController.h */ = {isa = PBXFileReference; fileEncoding = 4; lastKnownFileType = sourcecode.c.h; path = SRXSignupDetailViewController.h; sourceTree = "<group>"; };
		6DDE27F01B8ED2EC00A855E5 /* SRXSignUpDetailViewController.m */ = {isa = PBXFileReference; fileEncoding = 4; lastKnownFileType = sourcecode.c.objc; path = SRXSignUpDetailViewController.m; sourceTree = "<group>"; };
		6DDE27F11B8ED2EC00A855E5 /* SRXSignUpDetailViewController.xib */ = {isa = PBXFileReference; fileEncoding = 4; lastKnownFileType = file.xib; path = SRXSignUpDetailViewController.xib; sourceTree = "<group>"; };
		6DDE27F41B90ADED00A855E5 /* SRXLogInViewController.h */ = {isa = PBXFileReference; fileEncoding = 4; lastKnownFileType = sourcecode.c.h; path = SRXLogInViewController.h; sourceTree = "<group>"; };
		6DDE27F51B90ADED00A855E5 /* SRXLogInViewController.m */ = {isa = PBXFileReference; fileEncoding = 4; lastKnownFileType = sourcecode.c.objc; path = SRXLogInViewController.m; sourceTree = "<group>"; };
		6DDE27F61B90ADED00A855E5 /* SRXLogInViewController.xib */ = {isa = PBXFileReference; fileEncoding = 4; lastKnownFileType = file.xib; path = SRXLogInViewController.xib; sourceTree = "<group>"; };
		6DDE27FC1B90AE3F00A855E5 /* SRXSignUpViewController.h */ = {isa = PBXFileReference; fileEncoding = 4; lastKnownFileType = sourcecode.c.h; path = SRXSignUpViewController.h; sourceTree = "<group>"; };
		6DDE27FD1B90AE3F00A855E5 /* SRXSignUpViewController.m */ = {isa = PBXFileReference; fileEncoding = 4; lastKnownFileType = sourcecode.c.objc; path = SRXSignUpViewController.m; sourceTree = "<group>"; };
		6DDE27FE1B90AE3F00A855E5 /* SRXSignUpViewController.xib */ = {isa = PBXFileReference; fileEncoding = 4; lastKnownFileType = file.xib; path = SRXSignUpViewController.xib; sourceTree = "<group>"; };
		6DDE28011B90AE5D00A855E5 /* SRXLogInDetailViewController.h */ = {isa = PBXFileReference; fileEncoding = 4; lastKnownFileType = sourcecode.c.h; path = SRXLogInDetailViewController.h; sourceTree = "<group>"; };
		6DDE28021B90AE5D00A855E5 /* SRXLogInDetailViewController.m */ = {isa = PBXFileReference; fileEncoding = 4; lastKnownFileType = sourcecode.c.objc; path = SRXLogInDetailViewController.m; sourceTree = "<group>"; };
		6DDE28031B90AE5D00A855E5 /* SRXLogInDetailViewController.xib */ = {isa = PBXFileReference; fileEncoding = 4; lastKnownFileType = file.xib; path = SRXLogInDetailViewController.xib; sourceTree = "<group>"; };
		6DDE28071B928C4800A855E5 /* SRXColor.h */ = {isa = PBXFileReference; fileEncoding = 4; lastKnownFileType = sourcecode.c.h; path = SRXColor.h; sourceTree = "<group>"; };
		6DDE28081B928C4800A855E5 /* SRXColor.m */ = {isa = PBXFileReference; fileEncoding = 4; lastKnownFileType = sourcecode.c.objc; path = SRXColor.m; sourceTree = "<group>"; };
		6DDE280A1B92D35B00A855E5 /* SRXUserAccountSuperViewController.h */ = {isa = PBXFileReference; fileEncoding = 4; lastKnownFileType = sourcecode.c.h; path = SRXUserAccountSuperViewController.h; sourceTree = "<group>"; };
		6DDE280B1B92D35B00A855E5 /* SRXUserAccountSuperViewController.m */ = {isa = PBXFileReference; fileEncoding = 4; lastKnownFileType = sourcecode.c.objc; path = SRXUserAccountSuperViewController.m; sourceTree = "<group>"; };
		6DDE28121B93E48300A855E5 /* SRXUserInfoKeys.h */ = {isa = PBXFileReference; fileEncoding = 4; lastKnownFileType = sourcecode.c.h; path = SRXUserInfoKeys.h; sourceTree = "<group>"; };
		6DDE28131B93E48300A855E5 /* SRXUserInfoKeys.m */ = {isa = PBXFileReference; fileEncoding = 4; lastKnownFileType = sourcecode.c.objc; path = SRXUserInfoKeys.m; sourceTree = "<group>"; };
		6DDE28151B94034900A855E5 /* SRXUserInputVerifier.h */ = {isa = PBXFileReference; fileEncoding = 4; lastKnownFileType = sourcecode.c.h; path = SRXUserInputVerifier.h; sourceTree = "<group>"; };
		6DDE28161B94034900A855E5 /* SRXUserInputVerifier.m */ = {isa = PBXFileReference; fileEncoding = 4; lastKnownFileType = sourcecode.c.objc; path = SRXUserInputVerifier.m; sourceTree = "<group>"; };
		6DDE28271B9BCAAD00A855E5 /* en */ = {isa = PBXFileReference; lastKnownFileType = text.plist.strings; name = en; path = en.lproj/Main.strings; sourceTree = "<group>"; };
		6DDE28321B9BED9100A855E5 /* zh-Hans */ = {isa = PBXFileReference; lastKnownFileType = text.plist.strings; name = "zh-Hans"; path = "zh-Hans.lproj/Main.strings"; sourceTree = "<group>"; };
		6DDE28371B9CA8FF00A855E5 /* SRXTeacherClassTableViewController.h */ = {isa = PBXFileReference; fileEncoding = 4; lastKnownFileType = sourcecode.c.h; path = SRXTeacherClassTableViewController.h; sourceTree = "<group>"; };
		6DDE28381B9CA8FF00A855E5 /* SRXTeacherClassTableViewController.m */ = {isa = PBXFileReference; fileEncoding = 4; lastKnownFileType = sourcecode.c.objc; path = SRXTeacherClassTableViewController.m; sourceTree = "<group>"; };
		6DDE28441B9E499600A855E5 /* SRXTeacherClassCell.h */ = {isa = PBXFileReference; fileEncoding = 4; lastKnownFileType = sourcecode.c.h; path = SRXTeacherClassCell.h; sourceTree = "<group>"; };
		6DDE28451B9E499600A855E5 /* SRXTeacherClassCell.m */ = {isa = PBXFileReference; fileEncoding = 4; lastKnownFileType = sourcecode.c.objc; path = SRXTeacherClassCell.m; sourceTree = "<group>"; };
		6DDE28461B9E499600A855E5 /* SRXTeacherClassCell.xib */ = {isa = PBXFileReference; fileEncoding = 4; lastKnownFileType = file.xib; path = SRXTeacherClassCell.xib; sourceTree = "<group>"; };
		6DDE284F1B9E6B1F00A855E5 /* SRXTeacherOpenClassViewController.h */ = {isa = PBXFileReference; fileEncoding = 4; lastKnownFileType = sourcecode.c.h; path = SRXTeacherOpenClassViewController.h; sourceTree = "<group>"; };
		6DDE28501B9E6B1F00A855E5 /* SRXTeacherOpenClassViewController.m */ = {isa = PBXFileReference; fileEncoding = 4; lastKnownFileType = sourcecode.c.objc; path = SRXTeacherOpenClassViewController.m; sourceTree = "<group>"; };
		6DDE28541BA2742500A855E5 /* SRXPhotoCell.h */ = {isa = PBXFileReference; fileEncoding = 4; lastKnownFileType = sourcecode.c.h; path = SRXPhotoCell.h; sourceTree = "<group>"; };
		6DDE28551BA2742500A855E5 /* SRXPhotoCell.m */ = {isa = PBXFileReference; fileEncoding = 4; lastKnownFileType = sourcecode.c.objc; path = SRXPhotoCell.m; sourceTree = "<group>"; };
		6DDE28571BA28AFF00A855E5 /* SRXPhotoCell.xib */ = {isa = PBXFileReference; fileEncoding = 4; lastKnownFileType = file.xib; path = SRXPhotoCell.xib; sourceTree = "<group>"; };
		6DDE28631BA3E82100A855E5 /* SRXImageViewController.h */ = {isa = PBXFileReference; fileEncoding = 4; lastKnownFileType = sourcecode.c.h; path = SRXImageViewController.h; sourceTree = "<group>"; };
		6DDE28641BA3E82100A855E5 /* SRXImageViewController.m */ = {isa = PBXFileReference; fileEncoding = 4; lastKnownFileType = sourcecode.c.objc; path = SRXImageViewController.m; sourceTree = "<group>"; };
		6DDE28661BA4A2FC00A855E5 /* SRXImageViewController.xib */ = {isa = PBXFileReference; fileEncoding = 4; lastKnownFileType = file.xib; path = SRXImageViewController.xib; sourceTree = "<group>"; };
		6DE4B5CE1BEDCA680056C998 /* T1SchoolOverViewVC.h */ = {isa = PBXFileReference; fileEncoding = 4; lastKnownFileType = sourcecode.c.h; path = T1SchoolOverViewVC.h; sourceTree = "<group>"; };
		6DE4B5CF1BEDCA680056C998 /* T1SchoolOverViewVC.m */ = {isa = PBXFileReference; fileEncoding = 4; lastKnownFileType = sourcecode.c.objc; path = T1SchoolOverViewVC.m; sourceTree = "<group>"; };
		6DE4B5D11BEDD0DB0056C998 /* T11SchoolInfoVC.h */ = {isa = PBXFileReference; fileEncoding = 4; lastKnownFileType = sourcecode.c.h; path = T11SchoolInfoVC.h; sourceTree = "<group>"; };
		6DE4B5D21BEDD0DB0056C998 /* T11SchoolInfoVC.m */ = {isa = PBXFileReference; fileEncoding = 4; lastKnownFileType = sourcecode.c.objc; path = T11SchoolInfoVC.m; sourceTree = "<group>"; };
		6DE4B5D71BEDD0DB0056C998 /* T111SchoolEditorVC.h */ = {isa = PBXFileReference; fileEncoding = 4; lastKnownFileType = sourcecode.c.h; path = T111SchoolEditorVC.h; sourceTree = "<group>"; };
		6DE4B5D81BEDD0DB0056C998 /* T111SchoolEditorVC.m */ = {isa = PBXFileReference; fileEncoding = 4; lastKnownFileType = sourcecode.c.objc; path = T111SchoolEditorVC.m; sourceTree = "<group>"; };
		6DE4B5E21BEEC6140056C998 /* ImageTableCell.h */ = {isa = PBXFileReference; fileEncoding = 4; lastKnownFileType = sourcecode.c.h; path = ImageTableCell.h; sourceTree = "<group>"; };
		6DE4B5E31BEEC6140056C998 /* ImageTableCell.m */ = {isa = PBXFileReference; fileEncoding = 4; lastKnownFileType = sourcecode.c.objc; path = ImageTableCell.m; sourceTree = "<group>"; };
		6DE4B5E41BEEC6140056C998 /* ImageTableCell.xib */ = {isa = PBXFileReference; fileEncoding = 4; lastKnownFileType = file.xib; path = ImageTableCell.xib; sourceTree = "<group>"; };
		6DE4B5E51BEEC6140056C998 /* MapTableCell.h */ = {isa = PBXFileReference; fileEncoding = 4; lastKnownFileType = sourcecode.c.h; path = MapTableCell.h; sourceTree = "<group>"; };
		6DE4B5E61BEEC6140056C998 /* MapTableCell.m */ = {isa = PBXFileReference; fileEncoding = 4; lastKnownFileType = sourcecode.c.objc; path = MapTableCell.m; sourceTree = "<group>"; };
		6DE4B5E71BEEC6140056C998 /* MapTableCell.xib */ = {isa = PBXFileReference; fileEncoding = 4; lastKnownFileType = file.xib; path = MapTableCell.xib; sourceTree = "<group>"; };
		6DE4B5EC1BEFD7DF0056C998 /* SRXEnvironment.h */ = {isa = PBXFileReference; fileEncoding = 4; lastKnownFileType = sourcecode.c.h; path = SRXEnvironment.h; sourceTree = "<group>"; };
		6DE4B5ED1BEFD7DF0056C998 /* SRXEnvironment.m */ = {isa = PBXFileReference; fileEncoding = 4; lastKnownFileType = sourcecode.c.objc; path = SRXEnvironment.m; sourceTree = "<group>"; };
		6DE4B5EF1BF00C0C0056C998 /* SRXStartVC.h */ = {isa = PBXFileReference; fileEncoding = 4; lastKnownFileType = sourcecode.c.h; path = SRXStartVC.h; sourceTree = "<group>"; };
		6DE4B5F01BF00C0C0056C998 /* SRXStartVC.m */ = {isa = PBXFileReference; fileEncoding = 4; lastKnownFileType = sourcecode.c.objc; path = SRXStartVC.m; sourceTree = "<group>"; };
		6DE899A11BC04E1500964AD8 /* SRXStudentClassViewController.h */ = {isa = PBXFileReference; fileEncoding = 4; lastKnownFileType = sourcecode.c.h; path = SRXStudentClassViewController.h; sourceTree = "<group>"; };
		6DE899A21BC04E1500964AD8 /* SRXStudentClassViewController.m */ = {isa = PBXFileReference; fileEncoding = 4; lastKnownFileType = sourcecode.c.objc; path = SRXStudentClassViewController.m; sourceTree = "<group>"; };
		6DFF41521BDCAA36003DACF5 /* SRXStudentListViewController.h */ = {isa = PBXFileReference; fileEncoding = 4; lastKnownFileType = sourcecode.c.h; path = SRXStudentListViewController.h; sourceTree = "<group>"; };
		6DFF41531BDCAA36003DACF5 /* SRXStudentListViewController.m */ = {isa = PBXFileReference; fileEncoding = 4; lastKnownFileType = sourcecode.c.objc; path = SRXStudentListViewController.m; sourceTree = "<group>"; };
		95809A27132292AAFBC7B6C0 /* Pods.release.xcconfig */ = {isa = PBXFileReference; includeInIndex = 1; lastKnownFileType = text.xcconfig; name = Pods.release.xcconfig; path = "Pods/Target Support Files/Pods/Pods.release.xcconfig"; sourceTree = "<group>"; };
		CE82E9796B1C4C1D52781817 /* Pods.debug.xcconfig */ = {isa = PBXFileReference; includeInIndex = 1; lastKnownFileType = text.xcconfig; name = Pods.debug.xcconfig; path = "Pods/Target Support Files/Pods/Pods.debug.xcconfig"; sourceTree = "<group>"; };
		DBAE63C5220B30CD95D2D17A /* libPods.a */ = {isa = PBXFileReference; explicitFileType = archive.ar; includeInIndex = 0; path = libPods.a; sourceTree = BUILT_PRODUCTS_DIR; };
/* End PBXFileReference section */

/* Begin PBXFrameworksBuildPhase section */
		6D0861251B6EE52200BC5910 /* Frameworks */ = {
			isa = PBXFrameworksBuildPhase;
			buildActionMask = 2147483647;
			files = (
				6D2DE8141B88EE8300889E17 /* libsqlite3.dylib in Frameworks */,
				6D2DE8151B88EE8300889E17 /* libz.dylib in Frameworks */,
				6D2DE80C1B88EE5600889E17 /* AudioToolbox.framework in Frameworks */,
				6D2DE80D1B88EE5600889E17 /* CFNetwork.framework in Frameworks */,
				6D2DE80E1B88EE5600889E17 /* CoreGraphics.framework in Frameworks */,
				6D2DE80F1B88EE5600889E17 /* Security.framework in Frameworks */,
				6D2DE8101B88EE5600889E17 /* StoreKit.framework in Frameworks */,
				6D2DE8111B88EE5600889E17 /* SystemConfiguration.framework in Frameworks */,
				6D6274A91B884BFE00023458 /* ParseUI.framework in Frameworks */,
				6D0861591B6EEF4000BC5910 /* CoreLocation.framework in Frameworks */,
				6D0861571B6EE73600BC5910 /* MapKit.framework in Frameworks */,
				6D2DE8041B88EDF400889E17 /* Bolts.framework in Frameworks */,
				6D2DE8051B88EDF400889E17 /* Parse.framework in Frameworks */,
				8D8141B3AA500668C9BF0C78 /* libPods.a in Frameworks */,
			);
			runOnlyForDeploymentPostprocessing = 0;
		};
		6D08613E1B6EE52200BC5910 /* Frameworks */ = {
			isa = PBXFrameworksBuildPhase;
			buildActionMask = 2147483647;
			files = (
				964E3EE19B6597FB03DB9DAE /* libPods.a in Frameworks */,
			);
			runOnlyForDeploymentPostprocessing = 0;
		};
/* End PBXFrameworksBuildPhase section */

/* Begin PBXGroup section */
		6D013EB21B78F290006D13B9 /* Files Above Are From 3rd Party Libraries */ = {
			isa = PBXGroup;
			children = (
			);
			name = "Files Above Are From 3rd Party Libraries";
			sourceTree = "<group>";
		};
		6D013EC31B80D6F8006D13B9 /* Resources */ = {
			isa = PBXGroup;
			children = (
				6D013ED11B80E6F7006D13B9 /* aries_filled-25.png */,
				6D013EC81B80DA19006D13B9 /* right2_filled-25.png */,
				6D013EC91B80DA19006D13B9 /* right2-25.png */,
				6D013EC61B80D757006D13B9 /* gnome_session_switch.png */,
				6D013EC41B80D70E006D13B9 /* switch_course_grey.png */,
			);
			name = Resources;
			sourceTree = "<group>";
		};
		6D013ECC1B80E0DB006D13B9 /* StudentView */ = {
			isa = PBXGroup;
			children = (
				6DFF41511BDCAA0E003DACF5 /* ListTab */,
				6D650AB31BCFE783008B5FA1 /* MapTab */,
				6D650AB21BCFE75D008B5FA1 /* MeTab */,
			);
			name = StudentView;
			sourceTree = "<group>";
		};
		6D013ED61B810FBC006D13B9 /* Model */ = {
			isa = PBXGroup;
			children = (
				6D013EAD1B77E1CA006D13B9 /* SchoolMapAnnotation.h */,
				6D013EAE1B77E1CA006D13B9 /* SchoolMapAnnotation.m */,
			);
			name = Model;
			sourceTree = "<group>";
		};
		6D08611F1B6EE52200BC5910 = {
			isa = PBXGroup;
			children = (
				6DE4B5EC1BEFD7DF0056C998 /* SRXEnvironment.h */,
				6DE4B5ED1BEFD7DF0056C998 /* SRXEnvironment.m */,
				6D8BC5611BB27D76001F20F0 /* Util */,
				6D8BC5601BB27D6A001F20F0 /* API */,
				6DF41F0F1BAF06E800B45311 /* ProtoGen */,
				6DF41F0E1BAF06E200B45311 /* Proto */,
				6DDE28611BA3E7E400A855E5 /* Views */,
				6DDE28111B93E43B00A855E5 /* Users */,
				6DDE28061B928C1500A855E5 /* Colors */,
				6DDE27E91B8ED2BD00A855E5 /* LogIn */,
				6D2DE8121B88EE8300889E17 /* libsqlite3.dylib */,
				6D2DE8131B88EE8300889E17 /* libz.dylib */,
				6D2DE8061B88EE5600889E17 /* AudioToolbox.framework */,
				6D2DE8071B88EE5600889E17 /* CFNetwork.framework */,
				6D2DE8081B88EE5600889E17 /* CoreGraphics.framework */,
				6D2DE8091B88EE5600889E17 /* Security.framework */,
				6D2DE80A1B88EE5600889E17 /* StoreKit.framework */,
				6D2DE80B1B88EE5600889E17 /* SystemConfiguration.framework */,
				6D2DE8021B88EDF400889E17 /* Bolts.framework */,
				6D2DE8031B88EDF400889E17 /* Parse.framework */,
				6D6274A81B884BFE00023458 /* ParseUI.framework */,
				6D013ED61B810FBC006D13B9 /* Model */,
				6D013EC31B80D6F8006D13B9 /* Resources */,
				6D013EB31B78F368006D13B9 /* CCLocationManager.h */,
				6D013EB41B78F368006D13B9 /* CCLocationManager.m */,
				6D013EB61B78FB73006D13B9 /* CLLocation+YCLocation.h */,
				6D013EB71B78FB73006D13B9 /* CLLocation+YCLocation.m */,
				6D013EB21B78F290006D13B9 /* Files Above Are From 3rd Party Libraries */,
				6D0861581B6EEF4000BC5910 /* CoreLocation.framework */,
				6D0861561B6EE73600BC5910 /* MapKit.framework */,
				6D08612A1B6EE52200BC5910 /* DropPinOnMapView */,
				6D0861441B6EE52200BC5910 /* DropPinOnMapViewTests */,
				6D0861291B6EE52200BC5910 /* Products */,
				F51F9F062E2C9734B42DAABA /* Pods */,
				F19C611D036DF151C55F96B1 /* Frameworks */,
			);
			sourceTree = "<group>";
		};
		6D0861291B6EE52200BC5910 /* Products */ = {
			isa = PBXGroup;
			children = (
				6D0861281B6EE52200BC5910 /* DropPinOnMapView.app */,
				6D0861411B6EE52200BC5910 /* DropPinOnMapViewTests.xctest */,
			);
			name = Products;
			sourceTree = "<group>";
		};
		6D08612A1B6EE52200BC5910 /* DropPinOnMapView */ = {
			isa = PBXGroup;
			children = (
				6D18F80B1BA65256004A9F66 /* Localizable.strings */,
				6D18F8071BA64890004A9F66 /* Teacher.Storyboard */,
				6D18F8031BA638C0004A9F66 /* plus_sign.png */,
				6D013EB91B79BBB8006D13B9 /* Icon@2x.png */,
				6D013EB01B782431006D13B9 /* congfucius_study.jpg */,
				6D08612F1B6EE52200BC5910 /* AppDelegate.h */,
				6D0861301B6EE52200BC5910 /* AppDelegate.m */,
				6D0861321B6EE52200BC5910 /* ViewController.h */,
				6D0861331B6EE52200BC5910 /* ViewController.m */,
				6D0861351B6EE52200BC5910 /* Main.storyboard */,
				6D0861381B6EE52200BC5910 /* Images.xcassets */,
				6D08613A1B6EE52200BC5910 /* LaunchScreen.xib */,
				6D08612B1B6EE52200BC5910 /* Supporting Files */,
			);
			path = DropPinOnMapView;
			sourceTree = "<group>";
		};
		6D08612B1B6EE52200BC5910 /* Supporting Files */ = {
			isa = PBXGroup;
			children = (
				6D08612C1B6EE52200BC5910 /* Info.plist */,
				6D08612D1B6EE52200BC5910 /* main.m */,
			);
			name = "Supporting Files";
			sourceTree = "<group>";
		};
		6D0861441B6EE52200BC5910 /* DropPinOnMapViewTests */ = {
			isa = PBXGroup;
			children = (
				6D0861471B6EE52200BC5910 /* DropPinOnMapViewTests.m */,
				6D0861451B6EE52200BC5910 /* Supporting Files */,
			);
			path = DropPinOnMapViewTests;
			sourceTree = "<group>";
		};
		6D0861451B6EE52200BC5910 /* Supporting Files */ = {
			isa = PBXGroup;
			children = (
				6D0861461B6EE52200BC5910 /* Info.plist */,
			);
			name = "Supporting Files";
			sourceTree = "<group>";
		};
		6D18F7E31BA55C9E004A9F66 /* 3rdPartyViews */ = {
			isa = PBXGroup;
			children = (
				6D650AFF1BD427C6008B5FA1 /* SQScrollView */,
				6D18F7EA1BA5DD86004A9F66 /* ELCImagePicker */,
			);
			name = 3rdPartyViews;
			sourceTree = "<group>";
		};
		6D18F7EA1BA5DD86004A9F66 /* ELCImagePicker */ = {
			isa = PBXGroup;
			children = (
				6D18F7EB1BA5DD97004A9F66 /* ELCAlbumPickerController.h */,
				6D18F7EC1BA5DD97004A9F66 /* ELCAlbumPickerController.m */,
				6D18F7ED1BA5DD97004A9F66 /* ELCAsset.h */,
				6D18F7EE1BA5DD97004A9F66 /* ELCAsset.m */,
				6D18F7EF1BA5DD97004A9F66 /* ELCAssetCell.h */,
				6D18F7F01BA5DD97004A9F66 /* ELCAssetCell.m */,
				6D18F7F11BA5DD97004A9F66 /* ELCAssetSelectionDelegate.h */,
				6D18F7F21BA5DD97004A9F66 /* ELCAssetPickerFilterDelegate.h */,
				6D18F7F31BA5DD97004A9F66 /* ELCAssetTablePicker.h */,
				6D18F7F41BA5DD97004A9F66 /* ELCAssetTablePicker.m */,
				6D18F7F51BA5DD97004A9F66 /* ELCImagePickerController.h */,
				6D18F7F61BA5DD97004A9F66 /* ELCImagePickerController.m */,
				6D18F7F71BA5DD97004A9F66 /* ELCImagePickerHeader.h */,
				6D18F7F81BA5DD97004A9F66 /* ELCConsole.h */,
				6D18F7F91BA5DD97004A9F66 /* ELCConsole.m */,
				6D18F7FA1BA5DD97004A9F66 /* ELCOverlayImageView.h */,
				6D18F7FB1BA5DD97004A9F66 /* ELCOverlayImageView.m */,
			);
			name = ELCImagePicker;
			sourceTree = "<group>";
		};
		6D18F8121BA65B86004A9F66 /* MeTab */ = {
			isa = PBXGroup;
			children = (
				6D18F8161BA65C55004A9F66 /* SRXTeacherMeViewController.h */,
				6D18F8171BA65C55004A9F66 /* SRXTeacherMeViewController.m */,
			);
			name = MeTab;
			sourceTree = "<group>";
		};
		6D650AB21BCFE75D008B5FA1 /* MeTab */ = {
			isa = PBXGroup;
			children = (
				6D2DE7FF1B88EA4A00889E17 /* SRXMeViewController.h */,
				6D2DE8001B88EA4A00889E17 /* SRXMeViewController.m */,
			);
			name = MeTab;
			sourceTree = "<group>";
		};
		6D650AB31BCFE783008B5FA1 /* MapTab */ = {
			isa = PBXGroup;
			children = (
				6D013EC01B7F9C6E006D13B9 /* SRXStudentMapViewController.h */,
				6D013EC11B7F9C6E006D13B9 /* SRXStudentMapViewController.m */,
				6DE899A11BC04E1500964AD8 /* SRXStudentClassViewController.h */,
				6DE899A21BC04E1500964AD8 /* SRXStudentClassViewController.m */,
			);
			name = MapTab;
			sourceTree = "<group>";
		};
		6D650AFF1BD427C6008B5FA1 /* SQScrollView */ = {
			isa = PBXGroup;
			children = (
				6D650B001BD427DC008B5FA1 /* MyCusViewController.h */,
				6D650B011BD427DC008B5FA1 /* MyCusViewController.m */,
				6D650B021BD427DC008B5FA1 /* SQScrollViewController.h */,
				6D650B031BD427DC008B5FA1 /* SQScrollViewController.m */,
				6D650B041BD427DC008B5FA1 /* ScaleImageView.h */,
				6D650B051BD427DC008B5FA1 /* ScaleImageView.m */,
			);
			name = SQScrollView;
			sourceTree = "<group>";
		};
		6D8BC5601BB27D6A001F20F0 /* API */ = {
			isa = PBXGroup;
			children = (
				6D8BC5661BB3C2D8001F20F0 /* SRXProtocols.h */,
				6D8BC56C1BB51302001F20F0 /* SRXParseApi.h */,
				6D8BC56D1BB51302001F20F0 /* SRXParseApi.m */,
				6D8BC56F1BB59B95001F20F0 /* SRXApiFactory.h */,
				6D8BC5701BB59B95001F20F0 /* SRXApiFactory.m */,
			);
			name = API;
			sourceTree = "<group>";
		};
		6D8BC5611BB27D76001F20F0 /* Util */ = {
			isa = PBXGroup;
			children = (
				6D9AA6701BB8CE9000B66099 /* SRXClassUtil.h */,
				6D9AA6711BB8CE9000B66099 /* SRXClassUtil.m */,
			);
			name = Util;
			sourceTree = "<group>";
		};
		6DDE27E91B8ED2BD00A855E5 /* LogIn */ = {
			isa = PBXGroup;
			children = (
				6DDE28011B90AE5D00A855E5 /* SRXLogInDetailViewController.h */,
				6DDE28021B90AE5D00A855E5 /* SRXLogInDetailViewController.m */,
				6DDE28031B90AE5D00A855E5 /* SRXLogInDetailViewController.xib */,
				6DDE27F41B90ADED00A855E5 /* SRXLogInViewController.h */,
				6DDE27F51B90ADED00A855E5 /* SRXLogInViewController.m */,
				6DDE27F61B90ADED00A855E5 /* SRXLogInViewController.xib */,
				6DDE27EA1B8ED2DB00A855E5 /* SRXLogInSignUpViewController.h */,
				6DDE27EB1B8ED2DB00A855E5 /* SRXLogInSignUpViewController.m */,
				6DDE27EC1B8ED2DB00A855E5 /* SRXLogInSignUpViewController.xib */,
				6DDE27EF1B8ED2EC00A855E5 /* SRXSignupDetailViewController.h */,
				6DDE27F01B8ED2EC00A855E5 /* SRXSignUpDetailViewController.m */,
				6DDE27F11B8ED2EC00A855E5 /* SRXSignUpDetailViewController.xib */,
				6DDE27FC1B90AE3F00A855E5 /* SRXSignUpViewController.h */,
				6DDE27FD1B90AE3F00A855E5 /* SRXSignUpViewController.m */,
				6DDE27FE1B90AE3F00A855E5 /* SRXSignUpViewController.xib */,
				6DDE280A1B92D35B00A855E5 /* SRXUserAccountSuperViewController.h */,
				6DDE280B1B92D35B00A855E5 /* SRXUserAccountSuperViewController.m */,
				6DDE28151B94034900A855E5 /* SRXUserInputVerifier.h */,
				6DDE28161B94034900A855E5 /* SRXUserInputVerifier.m */,
			);
			name = LogIn;
			sourceTree = "<group>";
		};
		6DDE28061B928C1500A855E5 /* Colors */ = {
			isa = PBXGroup;
			children = (
				6DDE28071B928C4800A855E5 /* SRXColor.h */,
				6DDE28081B928C4800A855E5 /* SRXColor.m */,
			);
			name = Colors;
			sourceTree = "<group>";
		};
		6DDE28111B93E43B00A855E5 /* Users */ = {
			isa = PBXGroup;
			children = (
				6DDE28121B93E48300A855E5 /* SRXUserInfoKeys.h */,
				6DDE28131B93E48300A855E5 /* SRXUserInfoKeys.m */,
			);
			name = Users;
			sourceTree = "<group>";
		};
		6DDE28361B9CA8BB00A855E5 /* TeacherViews */ = {
			isa = PBXGroup;
			children = (
				6D18F8121BA65B86004A9F66 /* MeTab */,
				6DDE284E1B9E6AEC00A855E5 /* ClassesTab */,
			);
			name = TeacherViews;
			sourceTree = "<group>";
		};
		6DDE284E1B9E6AEC00A855E5 /* ClassesTab */ = {
			isa = PBXGroup;
			children = (
				6DE4B5E21BEEC6140056C998 /* ImageTableCell.h */,
				6DE4B5E31BEEC6140056C998 /* ImageTableCell.m */,
				6DE4B5E41BEEC6140056C998 /* ImageTableCell.xib */,
				6DE4B5E51BEEC6140056C998 /* MapTableCell.h */,
				6DE4B5E61BEEC6140056C998 /* MapTableCell.m */,
				6DE4B5E71BEEC6140056C998 /* MapTableCell.xib */,
				6DE4B5D11BEDD0DB0056C998 /* T11SchoolInfoVC.h */,
				6DE4B5D21BEDD0DB0056C998 /* T11SchoolInfoVC.m */,
				6DE4B5D71BEDD0DB0056C998 /* T111SchoolEditorVC.h */,
				6DE4B5D81BEDD0DB0056C998 /* T111SchoolEditorVC.m */,
				6DDE28571BA28AFF00A855E5 /* SRXPhotoCell.xib */,
				6DDE28541BA2742500A855E5 /* SRXPhotoCell.h */,
				6DDE28551BA2742500A855E5 /* SRXPhotoCell.m */,
				6DDE28371B9CA8FF00A855E5 /* SRXTeacherClassTableViewController.h */,
				6DDE28381B9CA8FF00A855E5 /* SRXTeacherClassTableViewController.m */,
				6DDE28441B9E499600A855E5 /* SRXTeacherClassCell.h */,
				6DDE28451B9E499600A855E5 /* SRXTeacherClassCell.m */,
				6DDE28461B9E499600A855E5 /* SRXTeacherClassCell.xib */,
				6DDE284F1B9E6B1F00A855E5 /* SRXTeacherOpenClassViewController.h */,
				6DDE28501B9E6B1F00A855E5 /* SRXTeacherOpenClassViewController.m */,
				6D18F80F1BA659DE004A9F66 /* SRXTeacherOpenClassViewController.xib */,
				6D650AAF1BCAD2A8008B5FA1 /* SRXImage.h */,
				6D650AB01BCAD2A8008B5FA1 /* SRXImage.m */,
				6DE4B5CE1BEDCA680056C998 /* T1SchoolOverViewVC.h */,
				6DE4B5CF1BEDCA680056C998 /* T1SchoolOverViewVC.m */,
			);
			name = ClassesTab;
			sourceTree = "<group>";
		};
		6DDE28611BA3E7E400A855E5 /* Views */ = {
			isa = PBXGroup;
			children = (
				6D18F7E31BA55C9E004A9F66 /* 3rdPartyViews */,
				6DDE28621BA3E80100A855E5 /* CommonViews */,
				6D013ECC1B80E0DB006D13B9 /* StudentView */,
				6DDE28361B9CA8BB00A855E5 /* TeacherViews */,
			);
			name = Views;
			sourceTree = "<group>";
		};
		6DDE28621BA3E80100A855E5 /* CommonViews */ = {
			isa = PBXGroup;
			children = (
				6DDE28631BA3E82100A855E5 /* SRXImageViewController.h */,
				6DDE28641BA3E82100A855E5 /* SRXImageViewController.m */,
				6DDE28661BA4A2FC00A855E5 /* SRXImageViewController.xib */,
				6D9AA66D1BB89CB300B66099 /* SRXSingleSelectionTableViewController.h */,
				6D9AA66E1BB89CB300B66099 /* SRXSingleSelectionTableViewController.m */,
				6D650AB41BD2C120008B5FA1 /* SRXImageScrollViewController.h */,
				6D650AB51BD2C120008B5FA1 /* SRXImageScrollViewController.m */,
				6DE4B5EF1BF00C0C0056C998 /* SRXStartVC.h */,
				6DE4B5F01BF00C0C0056C998 /* SRXStartVC.m */,
			);
			name = CommonViews;
			sourceTree = "<group>";
		};
		6DF41F0E1BAF06E200B45311 /* Proto */ = {
			isa = PBXGroup;
			children = (
				6D197EAA1BE2F801005A9C09 /* SRXDataPersonName.proto */,
				6D197EAB1BE2F801005A9C09 /* SRXDataSchool.proto */,
				6D197EAC1BE2F801005A9C09 /* SRXDataTeacher.proto */,
				6D650A6C1BC97C9F008B5FA1 /* SRXDataImage.proto */,
				6D8BC5671BB3C5EC001F20F0 /* SRXApi.proto */,
				6D8BC5551BAF8143001F20F0 /* SRXDataClass.proto */,
				6D8BC55B1BB241B3001F20F0 /* SRXDataLocation.proto */,
			);
			name = Proto;
			sourceTree = "<group>";
		};
		6DF41F0F1BAF06E800B45311 /* ProtoGen */ = {
			isa = PBXGroup;
			children = (
				6D197EB01BE2FAA2005A9C09 /* SRXDataPersonName.pb.h */,
				6D197EB11BE2FAA2005A9C09 /* SRXDataPersonName.pb.m */,
				6D197EB21BE2FAA2005A9C09 /* SRXDataSchool.pb.h */,
				6D197EB31BE2FAA2005A9C09 /* SRXDataSchool.pb.m */,
				6D197EB41BE2FAA2005A9C09 /* SRXDataTeacher.pb.h */,
				6D197EB51BE2FAA2005A9C09 /* SRXDataTeacher.pb.m */,
				6D650A6E1BC97D00008B5FA1 /* SRXApi.pb.h */,
				6D650A6F1BC97D00008B5FA1 /* SRXApi.pb.m */,
				6D650A701BC97D00008B5FA1 /* SRXDataClass.pb.h */,
				6D650A711BC97D00008B5FA1 /* SRXDataClass.pb.m */,
				6D650A721BC97D00008B5FA1 /* SRXDataImage.pb.h */,
				6D650A731BC97D00008B5FA1 /* SRXDataImage.pb.m */,
				6D650A741BC97D00008B5FA1 /* SRXDataLocation.pb.h */,
				6D650A751BC97D00008B5FA1 /* SRXDataLocation.pb.m */,
			);
			name = ProtoGen;
			sourceTree = "<group>";
		};
		6DFF41511BDCAA0E003DACF5 /* ListTab */ = {
			isa = PBXGroup;
			children = (
				6DFF41521BDCAA36003DACF5 /* SRXStudentListViewController.h */,
				6DFF41531BDCAA36003DACF5 /* SRXStudentListViewController.m */,
			);
			name = ListTab;
			sourceTree = "<group>";
		};
		F19C611D036DF151C55F96B1 /* Frameworks */ = {
			isa = PBXGroup;
			children = (
				DBAE63C5220B30CD95D2D17A /* libPods.a */,
			);
			name = Frameworks;
			sourceTree = "<group>";
		};
		F51F9F062E2C9734B42DAABA /* Pods */ = {
			isa = PBXGroup;
			children = (
				CE82E9796B1C4C1D52781817 /* Pods.debug.xcconfig */,
				95809A27132292AAFBC7B6C0 /* Pods.release.xcconfig */,
			);
			name = Pods;
			sourceTree = "<group>";
		};
/* End PBXGroup section */

/* Begin PBXNativeTarget section */
		6D0861271B6EE52200BC5910 /* DropPinOnMapView */ = {
			isa = PBXNativeTarget;
			buildConfigurationList = 6D08614B1B6EE52200BC5910 /* Build configuration list for PBXNativeTarget "DropPinOnMapView" */;
			buildPhases = (
				A5EE888571B933F1CE6E1691 /* Check Pods Manifest.lock */,
				6D0861241B6EE52200BC5910 /* Sources */,
				6D0861251B6EE52200BC5910 /* Frameworks */,
				6D0861261B6EE52200BC5910 /* Resources */,
				161902311728EF82E01E2947 /* Copy Pods Resources */,
			);
			buildRules = (
			);
			dependencies = (
			);
			name = DropPinOnMapView;
			productName = DropPinOnMapView;
			productReference = 6D0861281B6EE52200BC5910 /* DropPinOnMapView.app */;
			productType = "com.apple.product-type.application";
		};
		6D0861401B6EE52200BC5910 /* DropPinOnMapViewTests */ = {
			isa = PBXNativeTarget;
			buildConfigurationList = 6D08614E1B6EE52200BC5910 /* Build configuration list for PBXNativeTarget "DropPinOnMapViewTests" */;
			buildPhases = (
				888985327023E34A03F49EC9 /* Check Pods Manifest.lock */,
				6D08613D1B6EE52200BC5910 /* Sources */,
				6D08613E1B6EE52200BC5910 /* Frameworks */,
				6D08613F1B6EE52200BC5910 /* Resources */,
				0539A6BC8272834E19F02B7A /* Copy Pods Resources */,
			);
			buildRules = (
			);
			dependencies = (
				6D0861431B6EE52200BC5910 /* PBXTargetDependency */,
			);
			name = DropPinOnMapViewTests;
			productName = DropPinOnMapViewTests;
			productReference = 6D0861411B6EE52200BC5910 /* DropPinOnMapViewTests.xctest */;
			productType = "com.apple.product-type.bundle.unit-test";
		};
/* End PBXNativeTarget section */

/* Begin PBXProject section */
		6D0861201B6EE52200BC5910 /* Project object */ = {
			isa = PBXProject;
			attributes = {
				LastUpgradeCheck = 0630;
				ORGANIZATIONNAME = "Liefu Liu";
				TargetAttributes = {
					6D0861271B6EE52200BC5910 = {
						CreatedOnToolsVersion = 6.3.2;
						DevelopmentTeam = Q24ZT864X7;
					};
					6D0861401B6EE52200BC5910 = {
						CreatedOnToolsVersion = 6.3.2;
						TestTargetID = 6D0861271B6EE52200BC5910;
					};
				};
			};
			buildConfigurationList = 6D0861231B6EE52200BC5910 /* Build configuration list for PBXProject "DropPinOnMapView" */;
			compatibilityVersion = "Xcode 3.2";
			developmentRegion = English;
			hasScannedForEncodings = 0;
			knownRegions = (
				en,
				Base,
				"zh-Hans",
			);
			mainGroup = 6D08611F1B6EE52200BC5910;
			productRefGroup = 6D0861291B6EE52200BC5910 /* Products */;
			projectDirPath = "";
			projectRoot = "";
			targets = (
				6D0861271B6EE52200BC5910 /* DropPinOnMapView */,
				6D0861401B6EE52200BC5910 /* DropPinOnMapViewTests */,
			);
		};
/* End PBXProject section */

/* Begin PBXResourcesBuildPhase section */
		6D0861261B6EE52200BC5910 /* Resources */ = {
			isa = PBXResourcesBuildPhase;
			buildActionMask = 2147483647;
			files = (
				6D0861371B6EE52200BC5910 /* Main.storyboard in Resources */,
				6D013ED21B80E6F7006D13B9 /* aries_filled-25.png in Resources */,
				6D013EC51B80D70E006D13B9 /* switch_course_grey.png in Resources */,
				6D013ECB1B80DA19006D13B9 /* right2-25.png in Resources */,
				6D8BC55C1BB241B3001F20F0 /* SRXDataLocation.proto in Resources */,
				6D013EBA1B79BBB8006D13B9 /* Icon@2x.png in Resources */,
				6D650A6D1BC97C9F008B5FA1 /* SRXDataImage.proto in Resources */,
				6DE4B5EB1BEEC6140056C998 /* MapTableCell.xib in Resources */,
				6D18F8051BA64890004A9F66 /* Teacher.Storyboard in Resources */,
				6DDE28671BA4A2FC00A855E5 /* SRXImageViewController.xib in Resources */,
				6DDE27F81B90ADED00A855E5 /* SRXLogInViewController.xib in Resources */,
				6D08613C1B6EE52200BC5910 /* LaunchScreen.xib in Resources */,
				6DDE28581BA28AFF00A855E5 /* SRXPhotoCell.xib in Resources */,
				6D8BC5571BAF8143001F20F0 /* SRXDataClass.proto in Resources */,
				6D18F8041BA638C0004A9F66 /* plus_sign.png in Resources */,
				6D18F80C1BA65256004A9F66 /* Localizable.strings in Resources */,
				6D18F80D1BA659DE004A9F66 /* SRXTeacherOpenClassViewController.xib in Resources */,
				6D197EAE1BE2F801005A9C09 /* SRXDataSchool.proto in Resources */,
				6DDE28481B9E499600A855E5 /* SRXTeacherClassCell.xib in Resources */,
				6DDE27EE1B8ED2DB00A855E5 /* SRXLogInSignUpViewController.xib in Resources */,
				6DDE28051B90AE5D00A855E5 /* SRXLogInDetailViewController.xib in Resources */,
				6D013EB11B782431006D13B9 /* congfucius_study.jpg in Resources */,
				6D013ECA1B80DA19006D13B9 /* right2_filled-25.png in Resources */,
				6D0861391B6EE52200BC5910 /* Images.xcassets in Resources */,
				6DDE27F31B8ED2EC00A855E5 /* SRXSignUpDetailViewController.xib in Resources */,
				6DDE28001B90AE3F00A855E5 /* SRXSignUpViewController.xib in Resources */,
				6D197EAD1BE2F801005A9C09 /* SRXDataPersonName.proto in Resources */,
				6D8BC5681BB3C5EC001F20F0 /* SRXApi.proto in Resources */,
				6D197EAF1BE2F801005A9C09 /* SRXDataTeacher.proto in Resources */,
				6D013EC71B80D757006D13B9 /* gnome_session_switch.png in Resources */,
				6DE4B5E91BEEC6140056C998 /* ImageTableCell.xib in Resources */,
			);
			runOnlyForDeploymentPostprocessing = 0;
		};
		6D08613F1B6EE52200BC5910 /* Resources */ = {
			isa = PBXResourcesBuildPhase;
			buildActionMask = 2147483647;
			files = (
			);
			runOnlyForDeploymentPostprocessing = 0;
		};
/* End PBXResourcesBuildPhase section */

/* Begin PBXShellScriptBuildPhase section */
		0539A6BC8272834E19F02B7A /* Copy Pods Resources */ = {
			isa = PBXShellScriptBuildPhase;
			buildActionMask = 2147483647;
			files = (
			);
			inputPaths = (
			);
			name = "Copy Pods Resources";
			outputPaths = (
			);
			runOnlyForDeploymentPostprocessing = 0;
			shellPath = /bin/sh;
			shellScript = "\"${SRCROOT}/Pods/Target Support Files/Pods/Pods-resources.sh\"\n";
			showEnvVarsInLog = 0;
		};
		161902311728EF82E01E2947 /* Copy Pods Resources */ = {
			isa = PBXShellScriptBuildPhase;
			buildActionMask = 2147483647;
			files = (
			);
			inputPaths = (
			);
			name = "Copy Pods Resources";
			outputPaths = (
			);
			runOnlyForDeploymentPostprocessing = 0;
			shellPath = /bin/sh;
			shellScript = "\"${SRCROOT}/Pods/Target Support Files/Pods/Pods-resources.sh\"\n";
			showEnvVarsInLog = 0;
		};
		888985327023E34A03F49EC9 /* Check Pods Manifest.lock */ = {
			isa = PBXShellScriptBuildPhase;
			buildActionMask = 2147483647;
			files = (
			);
			inputPaths = (
			);
			name = "Check Pods Manifest.lock";
			outputPaths = (
			);
			runOnlyForDeploymentPostprocessing = 0;
			shellPath = /bin/sh;
			shellScript = "diff \"${PODS_ROOT}/../Podfile.lock\" \"${PODS_ROOT}/Manifest.lock\" > /dev/null\nif [[ $? != 0 ]] ; then\n    cat << EOM\nerror: The sandbox is not in sync with the Podfile.lock. Run 'pod install' or update your CocoaPods installation.\nEOM\n    exit 1\nfi\n";
			showEnvVarsInLog = 0;
		};
		A5EE888571B933F1CE6E1691 /* Check Pods Manifest.lock */ = {
			isa = PBXShellScriptBuildPhase;
			buildActionMask = 2147483647;
			files = (
			);
			inputPaths = (
			);
			name = "Check Pods Manifest.lock";
			outputPaths = (
			);
			runOnlyForDeploymentPostprocessing = 0;
			shellPath = /bin/sh;
			shellScript = "diff \"${PODS_ROOT}/../Podfile.lock\" \"${PODS_ROOT}/Manifest.lock\" > /dev/null\nif [[ $? != 0 ]] ; then\n    cat << EOM\nerror: The sandbox is not in sync with the Podfile.lock. Run 'pod install' or update your CocoaPods installation.\nEOM\n    exit 1\nfi\n";
			showEnvVarsInLog = 0;
		};
/* End PBXShellScriptBuildPhase section */

/* Begin PBXSourcesBuildPhase section */
		6D0861241B6EE52200BC5910 /* Sources */ = {
			isa = PBXSourcesBuildPhase;
			buildActionMask = 2147483647;
			files = (
				6DDE27ED1B8ED2DB00A855E5 /* SRXLogInSignUpViewController.m in Sources */,
				6D8BC5711BB59B95001F20F0 /* SRXApiFactory.m in Sources */,
				6DDE28091B928C4800A855E5 /* SRXColor.m in Sources */,
				6DDE28171B94034900A855E5 /* SRXUserInputVerifier.m in Sources */,
				6D18F8001BA5DD97004A9F66 /* ELCImagePickerController.m in Sources */,
				6D013EB51B78F368006D13B9 /* CCLocationManager.m in Sources */,
				6D18F7FC1BA5DD97004A9F66 /* ELCAlbumPickerController.m in Sources */,
				6DE899A31BC04E1500964AD8 /* SRXStudentClassViewController.m in Sources */,
				6D18F8021BA5DD97004A9F66 /* ELCOverlayImageView.m in Sources */,
				6D9AA6721BB8CE9000B66099 /* SRXClassUtil.m in Sources */,
				6D18F8181BA65C55004A9F66 /* SRXTeacherMeViewController.m in Sources */,
				6DE4B5EE1BEFD7DF0056C998 /* SRXEnvironment.m in Sources */,
				6D0861341B6EE52200BC5910 /* ViewController.m in Sources */,
				6D18F7FE1BA5DD97004A9F66 /* ELCAssetCell.m in Sources */,
				6D650B081BD427DC008B5FA1 /* ScaleImageView.m in Sources */,
				6DDE27FF1B90AE3F00A855E5 /* SRXSignUpViewController.m in Sources */,
				6D650A761BC97D00008B5FA1 /* SRXApi.pb.m in Sources */,
				6D18F7FF1BA5DD97004A9F66 /* ELCAssetTablePicker.m in Sources */,
				6D197EB81BE2FAA2005A9C09 /* SRXDataTeacher.pb.m in Sources */,
				6D18F8011BA5DD97004A9F66 /* ELCConsole.m in Sources */,
				6DDE28471B9E499600A855E5 /* SRXTeacherClassCell.m in Sources */,
				6DDE28561BA2742500A855E5 /* SRXPhotoCell.m in Sources */,
				6DE4B5DC1BEDD0DB0056C998 /* T11SchoolInfoVC.m in Sources */,
				6DE4B5F11BF00C0C0056C998 /* SRXStartVC.m in Sources */,
				6D197EB61BE2FAA2005A9C09 /* SRXDataPersonName.pb.m in Sources */,
				6DDE28521B9E6B1F00A855E5 /* SRXTeacherOpenClassViewController.m in Sources */,
				6DE4B5E81BEEC6140056C998 /* ImageTableCell.m in Sources */,
				6D18F7FD1BA5DD97004A9F66 /* ELCAsset.m in Sources */,
				6D650A781BC97D00008B5FA1 /* SRXDataImage.pb.m in Sources */,
				6D650AB61BD2C120008B5FA1 /* SRXImageScrollViewController.m in Sources */,
				6D650A791BC97D00008B5FA1 /* SRXDataLocation.pb.m in Sources */,
				6DE4B5D01BEDCA680056C998 /* T1SchoolOverViewVC.m in Sources */,
				6DDE28141B93E48300A855E5 /* SRXUserInfoKeys.m in Sources */,
				6D2DE8011B88EA4A00889E17 /* SRXMeViewController.m in Sources */,
				6D0861311B6EE52200BC5910 /* AppDelegate.m in Sources */,
				6DE4B5DF1BEDD0DB0056C998 /* T111SchoolEditorVC.m in Sources */,
				6D650B071BD427DC008B5FA1 /* SQScrollViewController.m in Sources */,
				6D9AA66F1BB89CB300B66099 /* SRXSingleSelectionTableViewController.m in Sources */,
				6DDE27F21B8ED2EC00A855E5 /* SRXSignUpDetailViewController.m in Sources */,
				6DDE27F71B90ADED00A855E5 /* SRXLogInViewController.m in Sources */,
				6D650B061BD427DC008B5FA1 /* MyCusViewController.m in Sources */,
				6D08612E1B6EE52200BC5910 /* main.m in Sources */,
				6D013EC21B7F9C6E006D13B9 /* SRXStudentMapViewController.m in Sources */,
				6D8BC56E1BB51302001F20F0 /* SRXParseApi.m in Sources */,
				6D197EB71BE2FAA2005A9C09 /* SRXDataSchool.pb.m in Sources */,
				6DFF41541BDCAA36003DACF5 /* SRXStudentListViewController.m in Sources */,
				6DDE28651BA3E82100A855E5 /* SRXImageViewController.m in Sources */,
				6D650AB11BCAD2A8008B5FA1 /* SRXImage.m in Sources */,
				6D013EAF1B77E1CA006D13B9 /* SchoolMapAnnotation.m in Sources */,
				6D650A771BC97D00008B5FA1 /* SRXDataClass.pb.m in Sources */,
				6D013EB81B78FB73006D13B9 /* CLLocation+YCLocation.m in Sources */,
				6DDE28391B9CA8FF00A855E5 /* SRXTeacherClassTableViewController.m in Sources */,
				6DDE280C1B92D35B00A855E5 /* SRXUserAccountSuperViewController.m in Sources */,
				6DDE28041B90AE5D00A855E5 /* SRXLogInDetailViewController.m in Sources */,
				6DE4B5EA1BEEC6140056C998 /* MapTableCell.m in Sources */,
			);
			runOnlyForDeploymentPostprocessing = 0;
		};
		6D08613D1B6EE52200BC5910 /* Sources */ = {
			isa = PBXSourcesBuildPhase;
			buildActionMask = 2147483647;
			files = (
				6D0861481B6EE52200BC5910 /* DropPinOnMapViewTests.m in Sources */,
			);
			runOnlyForDeploymentPostprocessing = 0;
		};
/* End PBXSourcesBuildPhase section */

/* Begin PBXTargetDependency section */
		6D0861431B6EE52200BC5910 /* PBXTargetDependency */ = {
			isa = PBXTargetDependency;
			target = 6D0861271B6EE52200BC5910 /* DropPinOnMapView */;
			targetProxy = 6D0861421B6EE52200BC5910 /* PBXContainerItemProxy */;
		};
/* End PBXTargetDependency section */

/* Begin PBXVariantGroup section */
		6D0861351B6EE52200BC5910 /* Main.storyboard */ = {
			isa = PBXVariantGroup;
			children = (
				6D0861361B6EE52200BC5910 /* Base */,
				6DDE28271B9BCAAD00A855E5 /* en */,
				6DDE28321B9BED9100A855E5 /* zh-Hans */,
			);
			name = Main.storyboard;
			sourceTree = "<group>";
		};
		6D08613A1B6EE52200BC5910 /* LaunchScreen.xib */ = {
			isa = PBXVariantGroup;
			children = (
				6D08613B1B6EE52200BC5910 /* Base */,
			);
			name = LaunchScreen.xib;
			sourceTree = "<group>";
		};
		6D18F8071BA64890004A9F66 /* Teacher.Storyboard */ = {
			isa = PBXVariantGroup;
			children = (
				6D18F8081BA64897004A9F66 /* Base */,
				6D18F80A1BA648B3004A9F66 /* zh-Hans */,
			);
			name = Teacher.Storyboard;
			path = ..;
			sourceTree = "<group>";
		};
		6D18F80F1BA659DE004A9F66 /* SRXTeacherOpenClassViewController.xib */ = {
			isa = PBXVariantGroup;
			children = (
				6D18F80E1BA659DE004A9F66 /* Base */,
				6D18F8111BA659E3004A9F66 /* zh-Hans */,
			);
			name = SRXTeacherOpenClassViewController.xib;
			sourceTree = "<group>";
		};
/* End PBXVariantGroup section */

/* Begin XCBuildConfiguration section */
		6D0861491B6EE52200BC5910 /* Debug */ = {
			isa = XCBuildConfiguration;
			buildSettings = {
				ALWAYS_SEARCH_USER_PATHS = NO;
				CLANG_CXX_LANGUAGE_STANDARD = "gnu++0x";
				CLANG_CXX_LIBRARY = "libc++";
				CLANG_ENABLE_MODULES = YES;
				CLANG_ENABLE_OBJC_ARC = YES;
				CLANG_WARN_BOOL_CONVERSION = YES;
				CLANG_WARN_CONSTANT_CONVERSION = YES;
				CLANG_WARN_DIRECT_OBJC_ISA_USAGE = YES_ERROR;
				CLANG_WARN_EMPTY_BODY = YES;
				CLANG_WARN_ENUM_CONVERSION = YES;
				CLANG_WARN_INT_CONVERSION = YES;
				CLANG_WARN_OBJC_ROOT_CLASS = YES_ERROR;
				CLANG_WARN_UNREACHABLE_CODE = YES;
				CLANG_WARN__DUPLICATE_METHOD_MATCH = YES;
				"CODE_SIGN_IDENTITY[sdk=iphoneos*]" = "iPhone Developer";
				COPY_PHASE_STRIP = NO;
				DEBUG_INFORMATION_FORMAT = "dwarf-with-dsym";
				ENABLE_STRICT_OBJC_MSGSEND = YES;
				GCC_C_LANGUAGE_STANDARD = gnu99;
				GCC_DYNAMIC_NO_PIC = NO;
				GCC_NO_COMMON_BLOCKS = YES;
				GCC_OPTIMIZATION_LEVEL = 0;
				GCC_PREPROCESSOR_DEFINITIONS = (
					"DEBUG=1",
					"$(inherited)",
				);
				GCC_SYMBOLS_PRIVATE_EXTERN = NO;
				GCC_WARN_64_TO_32_BIT_CONVERSION = YES;
				GCC_WARN_ABOUT_RETURN_TYPE = YES_ERROR;
				GCC_WARN_UNDECLARED_SELECTOR = YES;
				GCC_WARN_UNINITIALIZED_AUTOS = YES_AGGRESSIVE;
				GCC_WARN_UNUSED_FUNCTION = YES;
				GCC_WARN_UNUSED_VARIABLE = YES;
				IPHONEOS_DEPLOYMENT_TARGET = 8.3;
				MTL_ENABLE_DEBUG_INFO = YES;
				ONLY_ACTIVE_ARCH = YES;
				SDKROOT = iphoneos;
			};
			name = Debug;
		};
		6D08614A1B6EE52200BC5910 /* Release */ = {
			isa = XCBuildConfiguration;
			buildSettings = {
				ALWAYS_SEARCH_USER_PATHS = NO;
				CLANG_CXX_LANGUAGE_STANDARD = "gnu++0x";
				CLANG_CXX_LIBRARY = "libc++";
				CLANG_ENABLE_MODULES = YES;
				CLANG_ENABLE_OBJC_ARC = YES;
				CLANG_WARN_BOOL_CONVERSION = YES;
				CLANG_WARN_CONSTANT_CONVERSION = YES;
				CLANG_WARN_DIRECT_OBJC_ISA_USAGE = YES_ERROR;
				CLANG_WARN_EMPTY_BODY = YES;
				CLANG_WARN_ENUM_CONVERSION = YES;
				CLANG_WARN_INT_CONVERSION = YES;
				CLANG_WARN_OBJC_ROOT_CLASS = YES_ERROR;
				CLANG_WARN_UNREACHABLE_CODE = YES;
				CLANG_WARN__DUPLICATE_METHOD_MATCH = YES;
				"CODE_SIGN_IDENTITY[sdk=iphoneos*]" = "iPhone Developer";
				COPY_PHASE_STRIP = NO;
				DEBUG_INFORMATION_FORMAT = "dwarf-with-dsym";
				ENABLE_NS_ASSERTIONS = NO;
				ENABLE_STRICT_OBJC_MSGSEND = YES;
				GCC_C_LANGUAGE_STANDARD = gnu99;
				GCC_NO_COMMON_BLOCKS = YES;
				GCC_WARN_64_TO_32_BIT_CONVERSION = YES;
				GCC_WARN_ABOUT_RETURN_TYPE = YES_ERROR;
				GCC_WARN_UNDECLARED_SELECTOR = YES;
				GCC_WARN_UNINITIALIZED_AUTOS = YES_AGGRESSIVE;
				GCC_WARN_UNUSED_FUNCTION = YES;
				GCC_WARN_UNUSED_VARIABLE = YES;
				IPHONEOS_DEPLOYMENT_TARGET = 8.3;
				MTL_ENABLE_DEBUG_INFO = NO;
				SDKROOT = iphoneos;
				VALIDATE_PRODUCT = YES;
			};
			name = Release;
		};
		6D08614C1B6EE52200BC5910 /* Debug */ = {
			isa = XCBuildConfiguration;
			baseConfigurationReference = CE82E9796B1C4C1D52781817 /* Pods.debug.xcconfig */;
			buildSettings = {
				ASSETCATALOG_COMPILER_APPICON_NAME = AppIcon;
				CODE_SIGN_IDENTITY = "iPhone Developer";
				FRAMEWORK_SEARCH_PATHS = (
					"$(inherited)",
					"$(PROJECT_DIR)",
				);
				INFOPLIST_FILE = DropPinOnMapView/Info.plist;
				IPHONEOS_DEPLOYMENT_TARGET = 8.0;
				LD_RUNPATH_SEARCH_PATHS = "$(inherited) @executable_path/Frameworks";
				PRODUCT_NAME = DropPinOnMapView;
			};
			name = Debug;
		};
		6D08614D1B6EE52200BC5910 /* Release */ = {
			isa = XCBuildConfiguration;
			baseConfigurationReference = 95809A27132292AAFBC7B6C0 /* Pods.release.xcconfig */;
			buildSettings = {
				ASSETCATALOG_COMPILER_APPICON_NAME = AppIcon;
				CODE_SIGN_IDENTITY = "iPhone Developer";
				FRAMEWORK_SEARCH_PATHS = (
					"$(inherited)",
					"$(PROJECT_DIR)",
				);
				INFOPLIST_FILE = DropPinOnMapView/Info.plist;
				IPHONEOS_DEPLOYMENT_TARGET = 8.0;
				LD_RUNPATH_SEARCH_PATHS = "$(inherited) @executable_path/Frameworks";
				PRODUCT_NAME = DropPinOnMapView;
			};
			name = Release;
		};
		6D08614F1B6EE52200BC5910 /* Debug */ = {
			isa = XCBuildConfiguration;
			baseConfigurationReference = CE82E9796B1C4C1D52781817 /* Pods.debug.xcconfig */;
			buildSettings = {
				BUNDLE_LOADER = "$(TEST_HOST)";
				FRAMEWORK_SEARCH_PATHS = (
					"$(SDKROOT)/Developer/Library/Frameworks",
					"$(inherited)",
				);
				GCC_PREPROCESSOR_DEFINITIONS = (
					"DEBUG=1",
					"$(inherited)",
				);
				INFOPLIST_FILE = DropPinOnMapViewTests/Info.plist;
				LD_RUNPATH_SEARCH_PATHS = "$(inherited) @executable_path/Frameworks @loader_path/Frameworks";
				PRODUCT_NAME = DropPinOnMapViewTests;
				TEST_HOST = "$(BUILT_PRODUCTS_DIR)/DropPinOnMapView.app/DropPinOnMapView";
			};
			name = Debug;
		};
		6D0861501B6EE52200BC5910 /* Release */ = {
			isa = XCBuildConfiguration;
			baseConfigurationReference = 95809A27132292AAFBC7B6C0 /* Pods.release.xcconfig */;
			buildSettings = {
				BUNDLE_LOADER = "$(TEST_HOST)";
				FRAMEWORK_SEARCH_PATHS = (
					"$(SDKROOT)/Developer/Library/Frameworks",
					"$(inherited)",
				);
				INFOPLIST_FILE = DropPinOnMapViewTests/Info.plist;
				LD_RUNPATH_SEARCH_PATHS = "$(inherited) @executable_path/Frameworks @loader_path/Frameworks";
				PRODUCT_NAME = DropPinOnMapViewTests;
				TEST_HOST = "$(BUILT_PRODUCTS_DIR)/DropPinOnMapView.app/DropPinOnMapView";
			};
			name = Release;
		};
/* End XCBuildConfiguration section */

/* Begin XCConfigurationList section */
		6D0861231B6EE52200BC5910 /* Build configuration list for PBXProject "DropPinOnMapView" */ = {
			isa = XCConfigurationList;
			buildConfigurations = (
				6D0861491B6EE52200BC5910 /* Debug */,
				6D08614A1B6EE52200BC5910 /* Release */,
			);
			defaultConfigurationIsVisible = 0;
			defaultConfigurationName = Release;
		};
		6D08614B1B6EE52200BC5910 /* Build configuration list for PBXNativeTarget "DropPinOnMapView" */ = {
			isa = XCConfigurationList;
			buildConfigurations = (
				6D08614C1B6EE52200BC5910 /* Debug */,
				6D08614D1B6EE52200BC5910 /* Release */,
			);
			defaultConfigurationIsVisible = 0;
			defaultConfigurationName = Release;
		};
		6D08614E1B6EE52200BC5910 /* Build configuration list for PBXNativeTarget "DropPinOnMapViewTests" */ = {
			isa = XCConfigurationList;
			buildConfigurations = (
				6D08614F1B6EE52200BC5910 /* Debug */,
				6D0861501B6EE52200BC5910 /* Release */,
			);
			defaultConfigurationIsVisible = 0;
			defaultConfigurationName = Release;
		};
/* End XCConfigurationList section */
	};
	rootObject = 6D0861201B6EE52200BC5910 /* Project object */;
}
