// !$*UTF8*$!
{
	archiveVersion = 1;
	classes = {
	};
	objectVersion = 46;
	objects = {

/* Begin PBXBuildFile section */
		6D2013C81C42FD4E0023C31E /* Quartz.framework in Frameworks */ = {isa = PBXBuildFile; fileRef = 6D2013C71C42FD4E0023C31E /* Quartz.framework */; };
		6D2013C91C42FD5A0023C31E /* Bolts.framework in Frameworks */ = {isa = PBXBuildFile; fileRef = 6D2013C31C42FD280023C31E /* Bolts.framework */; };
		6D2013CA1C42FD5A0023C31E /* Parse.framework in Frameworks */ = {isa = PBXBuildFile; fileRef = 6D2013C41C42FD280023C31E /* Parse.framework */; };
		6D2013CB1C42FDAE0023C31E /* libsqlite3.dylib in Frameworks */ = {isa = PBXBuildFile; fileRef = 6D8511221C42D1C3004CB67B /* libsqlite3.dylib */; };
		6D2013CD1C42FDB70023C31E /* libz.1.1.3.dylib in Frameworks */ = {isa = PBXBuildFile; fileRef = 6D2013CC1C42FDB70023C31E /* libz.1.1.3.dylib */; };
		6D2013CF1C42FDCF0023C31E /* AudioToolbox.framework in Frameworks */ = {isa = PBXBuildFile; fileRef = 6D2013CE1C42FDCF0023C31E /* AudioToolbox.framework */; };
		6D2013D11C4308760023C31E /* StoreKit.framework in Frameworks */ = {isa = PBXBuildFile; fileRef = 6D2013D01C4308760023C31E /* StoreKit.framework */; };
		6D8511101C4231F8004CB67B /* main.m in Sources */ = {isa = PBXBuildFile; fileRef = 6D85110F1C4231F8004CB67B /* main.m */; };
		6D85111F1C42D1A4004CB67B /* CFNetwork.framework in Frameworks */ = {isa = PBXBuildFile; fileRef = 6D85111B1C42D1A4004CB67B /* CFNetwork.framework */; };
		6D8511201C42D1A4004CB67B /* CoreGraphics.framework in Frameworks */ = {isa = PBXBuildFile; fileRef = 6D85111C1C42D1A4004CB67B /* CoreGraphics.framework */; };
		6D8511211C42D1A4004CB67B /* CoreLocation.framework in Frameworks */ = {isa = PBXBuildFile; fileRef = 6D85111D1C42D1A4004CB67B /* CoreLocation.framework */; };
		6D8511271C42D1DF004CB67B /* QuartzCore.framework in Frameworks */ = {isa = PBXBuildFile; fileRef = 6D8511261C42D1DF004CB67B /* QuartzCore.framework */; };
		6D8511291C42D1EB004CB67B /* Security.framework in Frameworks */ = {isa = PBXBuildFile; fileRef = 6D8511281C42D1EB004CB67B /* Security.framework */; };
		6D85112B1C42D1F4004CB67B /* SystemConfiguration.framework in Frameworks */ = {isa = PBXBuildFile; fileRef = 6D85112A1C42D1F4004CB67B /* SystemConfiguration.framework */; };
/* End PBXBuildFile section */

/* Begin PBXFileReference section */
		6D2013C31C42FD280023C31E /* Bolts.framework */ = {isa = PBXFileReference; lastKnownFileType = wrapper.framework; path = Bolts.framework; sourceTree = "<group>"; };
		6D2013C41C42FD280023C31E /* Parse.framework */ = {isa = PBXFileReference; lastKnownFileType = wrapper.framework; path = Parse.framework; sourceTree = "<group>"; };
		6D2013C71C42FD4E0023C31E /* Quartz.framework */ = {isa = PBXFileReference; lastKnownFileType = wrapper.framework; name = Quartz.framework; path = System/Library/Frameworks/Quartz.framework; sourceTree = SDKROOT; };
		6D2013CC1C42FDB70023C31E /* libz.1.1.3.dylib */ = {isa = PBXFileReference; lastKnownFileType = "compiled.mach-o.dylib"; name = libz.1.1.3.dylib; path = usr/lib/libz.1.1.3.dylib; sourceTree = SDKROOT; };
		6D2013CE1C42FDCF0023C31E /* AudioToolbox.framework */ = {isa = PBXFileReference; lastKnownFileType = wrapper.framework; name = AudioToolbox.framework; path = System/Library/Frameworks/AudioToolbox.framework; sourceTree = SDKROOT; };
		6D2013D01C4308760023C31E /* StoreKit.framework */ = {isa = PBXFileReference; lastKnownFileType = wrapper.framework; name = StoreKit.framework; path = System/Library/Frameworks/StoreKit.framework; sourceTree = SDKROOT; };
		6D85110C1C4231F8004CB67B /* UploadBooks */ = {isa = PBXFileReference; explicitFileType = "compiled.mach-o.executable"; includeInIndex = 0; path = UploadBooks; sourceTree = BUILT_PRODUCTS_DIR; };
		6D85110F1C4231F8004CB67B /* main.m */ = {isa = PBXFileReference; lastKnownFileType = sourcecode.c.objc; path = main.m; sourceTree = "<group>"; };
		6D85111B1C42D1A4004CB67B /* CFNetwork.framework */ = {isa = PBXFileReference; lastKnownFileType = wrapper.framework; name = CFNetwork.framework; path = System/Library/Frameworks/CFNetwork.framework; sourceTree = SDKROOT; };
		6D85111C1C42D1A4004CB67B /* CoreGraphics.framework */ = {isa = PBXFileReference; lastKnownFileType = wrapper.framework; name = CoreGraphics.framework; path = System/Library/Frameworks/CoreGraphics.framework; sourceTree = SDKROOT; };
		6D85111D1C42D1A4004CB67B /* CoreLocation.framework */ = {isa = PBXFileReference; lastKnownFileType = wrapper.framework; name = CoreLocation.framework; path = System/Library/Frameworks/CoreLocation.framework; sourceTree = SDKROOT; };
		6D8511221C42D1C3004CB67B /* libsqlite3.dylib */ = {isa = PBXFileReference; lastKnownFileType = "compiled.mach-o.dylib"; name = libsqlite3.dylib; path = usr/lib/libsqlite3.dylib; sourceTree = SDKROOT; };
		6D8511241C42D1D1004CB67B /* libz.dylib */ = {isa = PBXFileReference; lastKnownFileType = "compiled.mach-o.dylib"; name = libz.dylib; path = usr/lib/libz.dylib; sourceTree = SDKROOT; };
		6D8511261C42D1DF004CB67B /* QuartzCore.framework */ = {isa = PBXFileReference; lastKnownFileType = wrapper.framework; name = QuartzCore.framework; path = System/Library/Frameworks/QuartzCore.framework; sourceTree = SDKROOT; };
		6D8511281C42D1EB004CB67B /* Security.framework */ = {isa = PBXFileReference; lastKnownFileType = wrapper.framework; name = Security.framework; path = System/Library/Frameworks/Security.framework; sourceTree = SDKROOT; };
		6D85112A1C42D1F4004CB67B /* SystemConfiguration.framework */ = {isa = PBXFileReference; lastKnownFileType = wrapper.framework; name = SystemConfiguration.framework; path = System/Library/Frameworks/SystemConfiguration.framework; sourceTree = SDKROOT; };
		6D85112E1C42E243004CB67B /* Bolts.framework */ = {isa = PBXFileReference; lastKnownFileType = wrapper.framework; path = Bolts.framework; sourceTree = "<group>"; };
		6D85112F1C42E243004CB67B /* Parse.framework */ = {isa = PBXFileReference; lastKnownFileType = wrapper.framework; path = Parse.framework; sourceTree = "<group>"; };
/* End PBXFileReference section */

/* Begin PBXFrameworksBuildPhase section */
		6D8511091C4231F8004CB67B /* Frameworks */ = {
			isa = PBXFrameworksBuildPhase;
			buildActionMask = 2147483647;
			files = (
				6D2013D11C4308760023C31E /* StoreKit.framework in Frameworks */,
				6D2013CF1C42FDCF0023C31E /* AudioToolbox.framework in Frameworks */,
				6D2013CD1C42FDB70023C31E /* libz.1.1.3.dylib in Frameworks */,
				6D2013CB1C42FDAE0023C31E /* libsqlite3.dylib in Frameworks */,
				6D2013C81C42FD4E0023C31E /* Quartz.framework in Frameworks */,
				6D85112B1C42D1F4004CB67B /* SystemConfiguration.framework in Frameworks */,
				6D8511291C42D1EB004CB67B /* Security.framework in Frameworks */,
				6D8511271C42D1DF004CB67B /* QuartzCore.framework in Frameworks */,
				6D85111F1C42D1A4004CB67B /* CFNetwork.framework in Frameworks */,
				6D8511201C42D1A4004CB67B /* CoreGraphics.framework in Frameworks */,
				6D8511211C42D1A4004CB67B /* CoreLocation.framework in Frameworks */,
				6D2013C91C42FD5A0023C31E /* Bolts.framework in Frameworks */,
				6D2013CA1C42FD5A0023C31E /* Parse.framework in Frameworks */,
			);
			runOnlyForDeploymentPostprocessing = 0;
		};
/* End PBXFrameworksBuildPhase section */

/* Begin PBXGroup section */
		6D8511031C4231F8004CB67B = {
			isa = PBXGroup;
			children = (
				6D2013D01C4308760023C31E /* StoreKit.framework */,
				6D2013CE1C42FDCF0023C31E /* AudioToolbox.framework */,
				6D2013CC1C42FDB70023C31E /* libz.1.1.3.dylib */,
				6D2013C71C42FD4E0023C31E /* Quartz.framework */,
				6D2013C31C42FD280023C31E /* Bolts.framework */,
				6D2013C41C42FD280023C31E /* Parse.framework */,
				6D85112E1C42E243004CB67B /* Bolts.framework */,
				6D85112F1C42E243004CB67B /* Parse.framework */,
				6D85112A1C42D1F4004CB67B /* SystemConfiguration.framework */,
				6D8511281C42D1EB004CB67B /* Security.framework */,
				6D8511261C42D1DF004CB67B /* QuartzCore.framework */,
				6D8511241C42D1D1004CB67B /* libz.dylib */,
				6D8511221C42D1C3004CB67B /* libsqlite3.dylib */,
				6D85111B1C42D1A4004CB67B /* CFNetwork.framework */,
				6D85111C1C42D1A4004CB67B /* CoreGraphics.framework */,
				6D85111D1C42D1A4004CB67B /* CoreLocation.framework */,
				6D85110E1C4231F8004CB67B /* UploadBooks */,
				6D85110D1C4231F8004CB67B /* Products */,
			);
			sourceTree = "<group>";
		};
		6D85110D1C4231F8004CB67B /* Products */ = {
			isa = PBXGroup;
			children = (
				6D85110C1C4231F8004CB67B /* UploadBooks */,
			);
			name = Products;
			sourceTree = "<group>";
		};
		6D85110E1C4231F8004CB67B /* UploadBooks */ = {
			isa = PBXGroup;
			children = (
				6D85110F1C4231F8004CB67B /* main.m */,
			);
			path = UploadBooks;
			sourceTree = "<group>";
		};
/* End PBXGroup section */

/* Begin PBXNativeTarget section */
		6D85110B1C4231F8004CB67B /* UploadBooks */ = {
			isa = PBXNativeTarget;
			buildConfigurationList = 6D8511131C4231F8004CB67B /* Build configuration list for PBXNativeTarget "UploadBooks" */;
			buildPhases = (
				6D8511081C4231F8004CB67B /* Sources */,
				6D8511091C4231F8004CB67B /* Frameworks */,
			);
			buildRules = (
			);
			dependencies = (
			);
			name = UploadBooks;
			productName = UploadBooks;
			productReference = 6D85110C1C4231F8004CB67B /* UploadBooks */;
			productType = "com.apple.product-type.tool";
		};
/* End PBXNativeTarget section */

/* Begin PBXProject section */
		6D8511041C4231F8004CB67B /* Project object */ = {
			isa = PBXProject;
			attributes = {
				LastUpgradeCheck = 0640;
				ORGANIZATIONNAME = SanRenXing;
				TargetAttributes = {
					6D85110B1C4231F8004CB67B = {
						CreatedOnToolsVersion = 6.4;
					};
				};
			};
			buildConfigurationList = 6D8511071C4231F8004CB67B /* Build configuration list for PBXProject "UploadBooks" */;
			compatibilityVersion = "Xcode 3.2";
			developmentRegion = English;
			hasScannedForEncodings = 0;
			knownRegions = (
				en,
			);
			mainGroup = 6D8511031C4231F8004CB67B;
			productRefGroup = 6D85110D1C4231F8004CB67B /* Products */;
			projectDirPath = "";
			projectRoot = "";
			targets = (
				6D85110B1C4231F8004CB67B /* UploadBooks */,
			);
		};
/* End PBXProject section */

/* Begin PBXSourcesBuildPhase section */
		6D8511081C4231F8004CB67B /* Sources */ = {
			isa = PBXSourcesBuildPhase;
			buildActionMask = 2147483647;
			files = (
				6D8511101C4231F8004CB67B /* main.m in Sources */,
			);
			runOnlyForDeploymentPostprocessing = 0;
		};
/* End PBXSourcesBuildPhase section */

/* Begin XCBuildConfiguration section */
		6D8511111C4231F8004CB67B /* Debug */ = {
			isa = XCBuildConfiguration;
			buildSettings = {
				ALWAYS_SEARCH_USER_PATHS = NO;
				CLANG_CXX_LANGUAGE_STANDARD = "gnu++0x";
				CLANG_CXX_LIBRARY = "libc++";
				CLANG_ENABLE_MODULES = YES;
				CLANG_ENABLE_OBJC_ARC = YES;
				CLANG_WARN_BOOL_CONVERSION = YES;
				CLANG_WARN_CONSTANT_CONVERSION = YES;
				CLANG_WARN_DIRECT_OBJC_ISA_USAGE = YES_ERROR;
				CLANG_WARN_EMPTY_BODY = YES;
				CLANG_WARN_ENUM_CONVERSION = YES;
				CLANG_WARN_INT_CONVERSION = YES;
				CLANG_WARN_OBJC_ROOT_CLASS = YES_ERROR;
				CLANG_WARN_UNREACHABLE_CODE = YES;
				CLANG_WARN__DUPLICATE_METHOD_MATCH = YES;
				COPY_PHASE_STRIP = NO;
				DEBUG_INFORMATION_FORMAT = dwarf;
				ENABLE_STRICT_OBJC_MSGSEND = YES;
				GCC_C_LANGUAGE_STANDARD = gnu99;
				GCC_DYNAMIC_NO_PIC = NO;
				GCC_NO_COMMON_BLOCKS = YES;
				GCC_OPTIMIZATION_LEVEL = 0;
				GCC_PREPROCESSOR_DEFINITIONS = (
					"DEBUG=1",
					"$(inherited)",
				);
				GCC_SYMBOLS_PRIVATE_EXTERN = NO;
				GCC_WARN_64_TO_32_BIT_CONVERSION = YES;
				GCC_WARN_ABOUT_RETURN_TYPE = YES_ERROR;
				GCC_WARN_UNDECLARED_SELECTOR = YES;
				GCC_WARN_UNINITIALIZED_AUTOS = YES_AGGRESSIVE;
				GCC_WARN_UNUSED_FUNCTION = YES;
				GCC_WARN_UNUSED_VARIABLE = YES;
				MACOSX_DEPLOYMENT_TARGET = 10.10;
				MTL_ENABLE_DEBUG_INFO = YES;
				ONLY_ACTIVE_ARCH = YES;
				SDKROOT = macosx;
			};
			name = Debug;
		};
		6D8511121C4231F8004CB67B /* Release */ = {
			isa = XCBuildConfiguration;
			buildSettings = {
				ALWAYS_SEARCH_USER_PATHS = NO;
				CLANG_CXX_LANGUAGE_STANDARD = "gnu++0x";
				CLANG_CXX_LIBRARY = "libc++";
				CLANG_ENABLE_MODULES = YES;
				CLANG_ENABLE_OBJC_ARC = YES;
				CLANG_WARN_BOOL_CONVERSION = YES;
				CLANG_WARN_CONSTANT_CONVERSION = YES;
				CLANG_WARN_DIRECT_OBJC_ISA_USAGE = YES_ERROR;
				CLANG_WARN_EMPTY_BODY = YES;
				CLANG_WARN_ENUM_CONVERSION = YES;
				CLANG_WARN_INT_CONVERSION = YES;
				CLANG_WARN_OBJC_ROOT_CLASS = YES_ERROR;
				CLANG_WARN_UNREACHABLE_CODE = YES;
				CLANG_WARN__DUPLICATE_METHOD_MATCH = YES;
				COPY_PHASE_STRIP = NO;
				DEBUG_INFORMATION_FORMAT = "dwarf-with-dsym";
				ENABLE_NS_ASSERTIONS = NO;
				ENABLE_STRICT_OBJC_MSGSEND = YES;
				GCC_C_LANGUAGE_STANDARD = gnu99;
				GCC_NO_COMMON_BLOCKS = YES;
				GCC_WARN_64_TO_32_BIT_CONVERSION = YES;
				GCC_WARN_ABOUT_RETURN_TYPE = YES_ERROR;
				GCC_WARN_UNDECLARED_SELECTOR = YES;
				GCC_WARN_UNINITIALIZED_AUTOS = YES_AGGRESSIVE;
				GCC_WARN_UNUSED_FUNCTION = YES;
				GCC_WARN_UNUSED_VARIABLE = YES;
				MACOSX_DEPLOYMENT_TARGET = 10.10;
				MTL_ENABLE_DEBUG_INFO = NO;
				SDKROOT = macosx;
			};
			name = Release;
		};
		6D8511141C4231F8004CB67B /* Debug */ = {
			isa = XCBuildConfiguration;
			buildSettings = {
				FRAMEWORK_SEARCH_PATHS = (
					"$(inherited)",
					"/Users/liefuliu/Downloads/parse-osx-library-1.12.0",
					"$(PROJECT_DIR)",
				);
				PRODUCT_NAME = "$(TARGET_NAME)";
			};
			name = Debug;
		};
		6D8511151C4231F8004CB67B /* Release */ = {
			isa = XCBuildConfiguration;
			buildSettings = {
				FRAMEWORK_SEARCH_PATHS = (
					"$(inherited)",
					"/Users/liefuliu/Downloads/parse-osx-library-1.12.0",
					"$(PROJECT_DIR)",
				);
				PRODUCT_NAME = "$(TARGET_NAME)";
			};
			name = Release;
		};
/* End XCBuildConfiguration section */

/* Begin XCConfigurationList section */
		6D8511071C4231F8004CB67B /* Build configuration list for PBXProject "UploadBooks" */ = {
			isa = XCConfigurationList;
			buildConfigurations = (
				6D8511111C4231F8004CB67B /* Debug */,
				6D8511121C4231F8004CB67B /* Release */,
			);
			defaultConfigurationIsVisible = 0;
			defaultConfigurationName = Release;
		};
		6D8511131C4231F8004CB67B /* Build configuration list for PBXNativeTarget "UploadBooks" */ = {
			isa = XCConfigurationList;
			buildConfigurations = (
				6D8511141C4231F8004CB67B /* Debug */,
				6D8511151C4231F8004CB67B /* Release */,
			);
			defaultConfigurationIsVisible = 0;
			defaultConfigurationName = Release;
		};
/* End XCConfigurationList section */
	};
	rootObject = 6D8511041C4231F8004CB67B /* Project object */;
}
