// !$*UTF8*$!
{
	archiveVersion = 1;
	classes = {
	};
	objectVersion = 46;
	objects = {

/* Begin PBXBuildFile section */
		6D6274691B87A06400023458 /* main.m in Sources */ = {isa = PBXBuildFile; fileRef = 6D6274681B87A06400023458 /* main.m */; };
		6D62746C1B87A06400023458 /* AppDelegate.m in Sources */ = {isa = PBXBuildFile; fileRef = 6D62746B1B87A06400023458 /* AppDelegate.m */; };
		6D62746F1B87A06400023458 /* ViewController.m in Sources */ = {isa = PBXBuildFile; fileRef = 6D62746E1B87A06400023458 /* ViewController.m */; };
		6D6274721B87A06400023458 /* Main.storyboard in Resources */ = {isa = PBXBuildFile; fileRef = 6D6274701B87A06400023458 /* Main.storyboard */; };
		6D6274741B87A06400023458 /* Images.xcassets in Resources */ = {isa = PBXBuildFile; fileRef = 6D6274731B87A06400023458 /* Images.xcassets */; };
		6D6274771B87A06400023458 /* LaunchScreen.xib in Resources */ = {isa = PBXBuildFile; fileRef = 6D6274751B87A06400023458 /* LaunchScreen.xib */; };
		6D6274831B87A06400023458 /* TestTeacherTests.m in Sources */ = {isa = PBXBuildFile; fileRef = 6D6274821B87A06400023458 /* TestTeacherTests.m */; };
		6D62748F1B87A0A800023458 /* Bolts.framework in Frameworks */ = {isa = PBXBuildFile; fileRef = 6D62748D1B87A0A800023458 /* Bolts.framework */; };
		6D6274901B87A0A800023458 /* Parse.framework in Frameworks */ = {isa = PBXBuildFile; fileRef = 6D62748E1B87A0A800023458 /* Parse.framework */; };
		6D6274961B87A0F300023458 /* AudioToolbox.framework in Frameworks */ = {isa = PBXBuildFile; fileRef = 6D6274911B87A0F300023458 /* AudioToolbox.framework */; };
		6D6274971B87A0F300023458 /* CFNetwork.framework in Frameworks */ = {isa = PBXBuildFile; fileRef = 6D6274921B87A0F300023458 /* CFNetwork.framework */; };
		6D6274981B87A0F300023458 /* CoreGraphics.framework in Frameworks */ = {isa = PBXBuildFile; fileRef = 6D6274931B87A0F300023458 /* CoreGraphics.framework */; };
		6D6274991B87A0F300023458 /* CoreLocation.framework in Frameworks */ = {isa = PBXBuildFile; fileRef = 6D6274941B87A0F300023458 /* CoreLocation.framework */; };
		6D62749A1B87A0F300023458 /* Security.framework in Frameworks */ = {isa = PBXBuildFile; fileRef = 6D6274951B87A0F300023458 /* Security.framework */; };
		6D62749F1B87A11D00023458 /* libsqlite3.dylib in Frameworks */ = {isa = PBXBuildFile; fileRef = 6D62749B1B87A11D00023458 /* libsqlite3.dylib */; };
		6D6274A01B87A11D00023458 /* libz.dylib in Frameworks */ = {isa = PBXBuildFile; fileRef = 6D62749C1B87A11D00023458 /* libz.dylib */; };
		6D6274A11B87A11D00023458 /* StoreKit.framework in Frameworks */ = {isa = PBXBuildFile; fileRef = 6D62749D1B87A11D00023458 /* StoreKit.framework */; };
		6D6274A21B87A11D00023458 /* SystemConfiguration.framework in Frameworks */ = {isa = PBXBuildFile; fileRef = 6D62749E1B87A11D00023458 /* SystemConfiguration.framework */; };
		6D6274A51B87F9B800023458 /* MyLogInViewController.m in Sources */ = {isa = PBXBuildFile; fileRef = 6D6274A41B87F9B800023458 /* MyLogInViewController.m */; };
		6D6274A71B87FF5800023458 /* ParseUI.framework in Frameworks */ = {isa = PBXBuildFile; fileRef = 6D6274A61B87FF5800023458 /* ParseUI.framework */; };
/* End PBXBuildFile section */

/* Begin PBXContainerItemProxy section */
		6D62747D1B87A06400023458 /* PBXContainerItemProxy */ = {
			isa = PBXContainerItemProxy;
			containerPortal = 6D62745B1B87A06400023458 /* Project object */;
			proxyType = 1;
			remoteGlobalIDString = 6D6274621B87A06400023458;
			remoteInfo = TestTeacher;
		};
/* End PBXContainerItemProxy section */

/* Begin PBXFileReference section */
		6D6274631B87A06400023458 /* TestTeacher.app */ = {isa = PBXFileReference; explicitFileType = wrapper.application; includeInIndex = 0; path = TestTeacher.app; sourceTree = BUILT_PRODUCTS_DIR; };
		6D6274671B87A06400023458 /* Info.plist */ = {isa = PBXFileReference; lastKnownFileType = text.plist.xml; path = Info.plist; sourceTree = "<group>"; };
		6D6274681B87A06400023458 /* main.m */ = {isa = PBXFileReference; lastKnownFileType = sourcecode.c.objc; path = main.m; sourceTree = "<group>"; };
		6D62746A1B87A06400023458 /* AppDelegate.h */ = {isa = PBXFileReference; lastKnownFileType = sourcecode.c.h; path = AppDelegate.h; sourceTree = "<group>"; };
		6D62746B1B87A06400023458 /* AppDelegate.m */ = {isa = PBXFileReference; lastKnownFileType = sourcecode.c.objc; path = AppDelegate.m; sourceTree = "<group>"; };
		6D62746D1B87A06400023458 /* ViewController.h */ = {isa = PBXFileReference; lastKnownFileType = sourcecode.c.h; path = ViewController.h; sourceTree = "<group>"; };
		6D62746E1B87A06400023458 /* ViewController.m */ = {isa = PBXFileReference; lastKnownFileType = sourcecode.c.objc; path = ViewController.m; sourceTree = "<group>"; };
		6D6274711B87A06400023458 /* Base */ = {isa = PBXFileReference; lastKnownFileType = file.storyboard; name = Base; path = Base.lproj/Main.storyboard; sourceTree = "<group>"; };
		6D6274731B87A06400023458 /* Images.xcassets */ = {isa = PBXFileReference; lastKnownFileType = folder.assetcatalog; path = Images.xcassets; sourceTree = "<group>"; };
		6D6274761B87A06400023458 /* Base */ = {isa = PBXFileReference; lastKnownFileType = file.xib; name = Base; path = Base.lproj/LaunchScreen.xib; sourceTree = "<group>"; };
		6D62747C1B87A06400023458 /* TestTeacherTests.xctest */ = {isa = PBXFileReference; explicitFileType = wrapper.cfbundle; includeInIndex = 0; path = TestTeacherTests.xctest; sourceTree = BUILT_PRODUCTS_DIR; };
		6D6274811B87A06400023458 /* Info.plist */ = {isa = PBXFileReference; lastKnownFileType = text.plist.xml; path = Info.plist; sourceTree = "<group>"; };
		6D6274821B87A06400023458 /* TestTeacherTests.m */ = {isa = PBXFileReference; lastKnownFileType = sourcecode.c.objc; path = TestTeacherTests.m; sourceTree = "<group>"; };
		6D62748D1B87A0A800023458 /* Bolts.framework */ = {isa = PBXFileReference; lastKnownFileType = wrapper.framework; path = Bolts.framework; sourceTree = "<group>"; };
		6D62748E1B87A0A800023458 /* Parse.framework */ = {isa = PBXFileReference; lastKnownFileType = wrapper.framework; path = Parse.framework; sourceTree = "<group>"; };
		6D6274911B87A0F300023458 /* AudioToolbox.framework */ = {isa = PBXFileReference; lastKnownFileType = wrapper.framework; name = AudioToolbox.framework; path = System/Library/Frameworks/AudioToolbox.framework; sourceTree = SDKROOT; };
		6D6274921B87A0F300023458 /* CFNetwork.framework */ = {isa = PBXFileReference; lastKnownFileType = wrapper.framework; name = CFNetwork.framework; path = System/Library/Frameworks/CFNetwork.framework; sourceTree = SDKROOT; };
		6D6274931B87A0F300023458 /* CoreGraphics.framework */ = {isa = PBXFileReference; lastKnownFileType = wrapper.framework; name = CoreGraphics.framework; path = System/Library/Frameworks/CoreGraphics.framework; sourceTree = SDKROOT; };
		6D6274941B87A0F300023458 /* CoreLocation.framework */ = {isa = PBXFileReference; lastKnownFileType = wrapper.framework; name = CoreLocation.framework; path = System/Library/Frameworks/CoreLocation.framework; sourceTree = SDKROOT; };
		6D6274951B87A0F300023458 /* Security.framework */ = {isa = PBXFileReference; lastKnownFileType = wrapper.framework; name = Security.framework; path = System/Library/Frameworks/Security.framework; sourceTree = SDKROOT; };
		6D62749B1B87A11D00023458 /* libsqlite3.dylib */ = {isa = PBXFileReference; lastKnownFileType = "compiled.mach-o.dylib"; name = libsqlite3.dylib; path = usr/lib/libsqlite3.dylib; sourceTree = SDKROOT; };
		6D62749C1B87A11D00023458 /* libz.dylib */ = {isa = PBXFileReference; lastKnownFileType = "compiled.mach-o.dylib"; name = libz.dylib; path = usr/lib/libz.dylib; sourceTree = SDKROOT; };
		6D62749D1B87A11D00023458 /* StoreKit.framework */ = {isa = PBXFileReference; lastKnownFileType = wrapper.framework; name = StoreKit.framework; path = System/Library/Frameworks/StoreKit.framework; sourceTree = SDKROOT; };
		6D62749E1B87A11D00023458 /* SystemConfiguration.framework */ = {isa = PBXFileReference; lastKnownFileType = wrapper.framework; name = SystemConfiguration.framework; path = System/Library/Frameworks/SystemConfiguration.framework; sourceTree = SDKROOT; };
		6D6274A31B87F9B800023458 /* MyLogInViewController.h */ = {isa = PBXFileReference; fileEncoding = 4; lastKnownFileType = sourcecode.c.h; name = MyLogInViewController.h; path = TestTeacher/MyLogInViewController.h; sourceTree = "<group>"; };
		6D6274A41B87F9B800023458 /* MyLogInViewController.m */ = {isa = PBXFileReference; fileEncoding = 4; lastKnownFileType = sourcecode.c.objc; name = MyLogInViewController.m; path = TestTeacher/MyLogInViewController.m; sourceTree = "<group>"; };
		6D6274A61B87FF5800023458 /* ParseUI.framework */ = {isa = PBXFileReference; lastKnownFileType = wrapper.framework; path = ParseUI.framework; sourceTree = "<group>"; };
/* End PBXFileReference section */

/* Begin PBXFrameworksBuildPhase section */
		6D6274601B87A06400023458 /* Frameworks */ = {
			isa = PBXFrameworksBuildPhase;
			buildActionMask = 2147483647;
			files = (
				6D62749F1B87A11D00023458 /* libsqlite3.dylib in Frameworks */,
				6D6274A01B87A11D00023458 /* libz.dylib in Frameworks */,
				6D6274A11B87A11D00023458 /* StoreKit.framework in Frameworks */,
				6D6274A21B87A11D00023458 /* SystemConfiguration.framework in Frameworks */,
				6D6274961B87A0F300023458 /* AudioToolbox.framework in Frameworks */,
				6D6274971B87A0F300023458 /* CFNetwork.framework in Frameworks */,
				6D6274A71B87FF5800023458 /* ParseUI.framework in Frameworks */,
				6D6274981B87A0F300023458 /* CoreGraphics.framework in Frameworks */,
				6D6274991B87A0F300023458 /* CoreLocation.framework in Frameworks */,
				6D62749A1B87A0F300023458 /* Security.framework in Frameworks */,
				6D6274901B87A0A800023458 /* Parse.framework in Frameworks */,
				6D62748F1B87A0A800023458 /* Bolts.framework in Frameworks */,
			);
			runOnlyForDeploymentPostprocessing = 0;
		};
		6D6274791B87A06400023458 /* Frameworks */ = {
			isa = PBXFrameworksBuildPhase;
			buildActionMask = 2147483647;
			files = (
			);
			runOnlyForDeploymentPostprocessing = 0;
		};
/* End PBXFrameworksBuildPhase section */

/* Begin PBXGroup section */
		6D62745A1B87A06400023458 = {
			isa = PBXGroup;
			children = (
				6D6274A61B87FF5800023458 /* ParseUI.framework */,
				6D6274A31B87F9B800023458 /* MyLogInViewController.h */,
				6D6274A41B87F9B800023458 /* MyLogInViewController.m */,
				6D62748C1B87A08E00023458 /* Frameworks */,
				6D6274651B87A06400023458 /* TestTeacher */,
				6D62747F1B87A06400023458 /* TestTeacherTests */,
				6D6274641B87A06400023458 /* Products */,
			);
			sourceTree = "<group>";
		};
		6D6274641B87A06400023458 /* Products */ = {
			isa = PBXGroup;
			children = (
				6D6274631B87A06400023458 /* TestTeacher.app */,
				6D62747C1B87A06400023458 /* TestTeacherTests.xctest */,
			);
			name = Products;
			sourceTree = "<group>";
		};
		6D6274651B87A06400023458 /* TestTeacher */ = {
			isa = PBXGroup;
			children = (
				6D62746A1B87A06400023458 /* AppDelegate.h */,
				6D62746B1B87A06400023458 /* AppDelegate.m */,
				6D62746D1B87A06400023458 /* ViewController.h */,
				6D62746E1B87A06400023458 /* ViewController.m */,
				6D6274701B87A06400023458 /* Main.storyboard */,
				6D6274731B87A06400023458 /* Images.xcassets */,
				6D6274751B87A06400023458 /* LaunchScreen.xib */,
				6D6274661B87A06400023458 /* Supporting Files */,
			);
			path = TestTeacher;
			sourceTree = "<group>";
		};
		6D6274661B87A06400023458 /* Supporting Files */ = {
			isa = PBXGroup;
			children = (
				6D6274671B87A06400023458 /* Info.plist */,
				6D6274681B87A06400023458 /* main.m */,
			);
			name = "Supporting Files";
			sourceTree = "<group>";
		};
		6D62747F1B87A06400023458 /* TestTeacherTests */ = {
			isa = PBXGroup;
			children = (
				6D6274821B87A06400023458 /* TestTeacherTests.m */,
				6D6274801B87A06400023458 /* Supporting Files */,
			);
			path = TestTeacherTests;
			sourceTree = "<group>";
		};
		6D6274801B87A06400023458 /* Supporting Files */ = {
			isa = PBXGroup;
			children = (
				6D6274811B87A06400023458 /* Info.plist */,
			);
			name = "Supporting Files";
			sourceTree = "<group>";
		};
		6D62748C1B87A08E00023458 /* Frameworks */ = {
			isa = PBXGroup;
			children = (
				6D62749B1B87A11D00023458 /* libsqlite3.dylib */,
				6D62749C1B87A11D00023458 /* libz.dylib */,
				6D62749D1B87A11D00023458 /* StoreKit.framework */,
				6D62749E1B87A11D00023458 /* SystemConfiguration.framework */,
				6D6274911B87A0F300023458 /* AudioToolbox.framework */,
				6D6274921B87A0F300023458 /* CFNetwork.framework */,
				6D6274931B87A0F300023458 /* CoreGraphics.framework */,
				6D6274941B87A0F300023458 /* CoreLocation.framework */,
				6D6274951B87A0F300023458 /* Security.framework */,
				6D62748D1B87A0A800023458 /* Bolts.framework */,
				6D62748E1B87A0A800023458 /* Parse.framework */,
			);
			name = Frameworks;
			sourceTree = "<group>";
		};
/* End PBXGroup section */

/* Begin PBXNativeTarget section */
		6D6274621B87A06400023458 /* TestTeacher */ = {
			isa = PBXNativeTarget;
			buildConfigurationList = 6D6274861B87A06400023458 /* Build configuration list for PBXNativeTarget "TestTeacher" */;
			buildPhases = (
				6D62745F1B87A06400023458 /* Sources */,
				6D6274601B87A06400023458 /* Frameworks */,
				6D6274611B87A06400023458 /* Resources */,
			);
			buildRules = (
			);
			dependencies = (
			);
			name = TestTeacher;
			productName = TestTeacher;
			productReference = 6D6274631B87A06400023458 /* TestTeacher.app */;
			productType = "com.apple.product-type.application";
		};
		6D62747B1B87A06400023458 /* TestTeacherTests */ = {
			isa = PBXNativeTarget;
			buildConfigurationList = 6D6274891B87A06400023458 /* Build configuration list for PBXNativeTarget "TestTeacherTests" */;
			buildPhases = (
				6D6274781B87A06400023458 /* Sources */,
				6D6274791B87A06400023458 /* Frameworks */,
				6D62747A1B87A06400023458 /* Resources */,
			);
			buildRules = (
			);
			dependencies = (
				6D62747E1B87A06400023458 /* PBXTargetDependency */,
			);
			name = TestTeacherTests;
			productName = TestTeacherTests;
			productReference = 6D62747C1B87A06400023458 /* TestTeacherTests.xctest */;
			productType = "com.apple.product-type.bundle.unit-test";
		};
/* End PBXNativeTarget section */

/* Begin PBXProject section */
		6D62745B1B87A06400023458 /* Project object */ = {
			isa = PBXProject;
			attributes = {
				LastUpgradeCheck = 0640;
				ORGANIZATIONNAME = "Liefu Liu";
				TargetAttributes = {
					6D6274621B87A06400023458 = {
						CreatedOnToolsVersion = 6.4;
					};
					6D62747B1B87A06400023458 = {
						CreatedOnToolsVersion = 6.4;
						TestTargetID = 6D6274621B87A06400023458;
					};
				};
			};
			buildConfigurationList = 6D62745E1B87A06400023458 /* Build configuration list for PBXProject "TestTeacher" */;
			compatibilityVersion = "Xcode 3.2";
			developmentRegion = English;
			hasScannedForEncodings = 0;
			knownRegions = (
				en,
				Base,
			);
			mainGroup = 6D62745A1B87A06400023458;
			productRefGroup = 6D6274641B87A06400023458 /* Products */;
			projectDirPath = "";
			projectRoot = "";
			targets = (
				6D6274621B87A06400023458 /* TestTeacher */,
				6D62747B1B87A06400023458 /* TestTeacherTests */,
			);
		};
/* End PBXProject section */

/* Begin PBXResourcesBuildPhase section */
		6D6274611B87A06400023458 /* Resources */ = {
			isa = PBXResourcesBuildPhase;
			buildActionMask = 2147483647;
			files = (
				6D6274721B87A06400023458 /* Main.storyboard in Resources */,
				6D6274771B87A06400023458 /* LaunchScreen.xib in Resources */,
				6D6274741B87A06400023458 /* Images.xcassets in Resources */,
			);
			runOnlyForDeploymentPostprocessing = 0;
		};
		6D62747A1B87A06400023458 /* Resources */ = {
			isa = PBXResourcesBuildPhase;
			buildActionMask = 2147483647;
			files = (
			);
			runOnlyForDeploymentPostprocessing = 0;
		};
/* End PBXResourcesBuildPhase section */

/* Begin PBXSourcesBuildPhase section */
		6D62745F1B87A06400023458 /* Sources */ = {
			isa = PBXSourcesBuildPhase;
			buildActionMask = 2147483647;
			files = (
				6D6274A51B87F9B800023458 /* MyLogInViewController.m in Sources */,
				6D62746F1B87A06400023458 /* ViewController.m in Sources */,
				6D62746C1B87A06400023458 /* AppDelegate.m in Sources */,
				6D6274691B87A06400023458 /* main.m in Sources */,
			);
			runOnlyForDeploymentPostprocessing = 0;
		};
		6D6274781B87A06400023458 /* Sources */ = {
			isa = PBXSourcesBuildPhase;
			buildActionMask = 2147483647;
			files = (
				6D6274831B87A06400023458 /* TestTeacherTests.m in Sources */,
			);
			runOnlyForDeploymentPostprocessing = 0;
		};
/* End PBXSourcesBuildPhase section */

/* Begin PBXTargetDependency section */
		6D62747E1B87A06400023458 /* PBXTargetDependency */ = {
			isa = PBXTargetDependency;
			target = 6D6274621B87A06400023458 /* TestTeacher */;
			targetProxy = 6D62747D1B87A06400023458 /* PBXContainerItemProxy */;
		};
/* End PBXTargetDependency section */

/* Begin PBXVariantGroup section */
		6D6274701B87A06400023458 /* Main.storyboard */ = {
			isa = PBXVariantGroup;
			children = (
				6D6274711B87A06400023458 /* Base */,
			);
			name = Main.storyboard;
			sourceTree = "<group>";
		};
		6D6274751B87A06400023458 /* LaunchScreen.xib */ = {
			isa = PBXVariantGroup;
			children = (
				6D6274761B87A06400023458 /* Base */,
			);
			name = LaunchScreen.xib;
			sourceTree = "<group>";
		};
/* End PBXVariantGroup section */

/* Begin XCBuildConfiguration section */
		6D6274841B87A06400023458 /* Debug */ = {
			isa = XCBuildConfiguration;
			buildSettings = {
				ALWAYS_SEARCH_USER_PATHS = NO;
				CLANG_CXX_LANGUAGE_STANDARD = "gnu++0x";
				CLANG_CXX_LIBRARY = "libc++";
				CLANG_ENABLE_MODULES = YES;
				CLANG_ENABLE_OBJC_ARC = YES;
				CLANG_WARN_BOOL_CONVERSION = YES;
				CLANG_WARN_CONSTANT_CONVERSION = YES;
				CLANG_WARN_DIRECT_OBJC_ISA_USAGE = YES_ERROR;
				CLANG_WARN_EMPTY_BODY = YES;
				CLANG_WARN_ENUM_CONVERSION = YES;
				CLANG_WARN_INT_CONVERSION = YES;
				CLANG_WARN_OBJC_ROOT_CLASS = YES_ERROR;
				CLANG_WARN_UNREACHABLE_CODE = YES;
				CLANG_WARN__DUPLICATE_METHOD_MATCH = YES;
				"CODE_SIGN_IDENTITY[sdk=iphoneos*]" = "iPhone Developer";
				COPY_PHASE_STRIP = NO;
				DEBUG_INFORMATION_FORMAT = "dwarf-with-dsym";
				ENABLE_STRICT_OBJC_MSGSEND = YES;
				GCC_C_LANGUAGE_STANDARD = gnu99;
				GCC_DYNAMIC_NO_PIC = NO;
				GCC_NO_COMMON_BLOCKS = YES;
				GCC_OPTIMIZATION_LEVEL = 0;
				GCC_PREPROCESSOR_DEFINITIONS = (
					"DEBUG=1",
					"$(inherited)",
				);
				GCC_SYMBOLS_PRIVATE_EXTERN = NO;
				GCC_WARN_64_TO_32_BIT_CONVERSION = YES;
				GCC_WARN_ABOUT_RETURN_TYPE = YES_ERROR;
				GCC_WARN_UNDECLARED_SELECTOR = YES;
				GCC_WARN_UNINITIALIZED_AUTOS = YES_AGGRESSIVE;
				GCC_WARN_UNUSED_FUNCTION = YES;
				GCC_WARN_UNUSED_VARIABLE = YES;
				IPHONEOS_DEPLOYMENT_TARGET = 8.4;
				MTL_ENABLE_DEBUG_INFO = YES;
				ONLY_ACTIVE_ARCH = YES;
				SDKROOT = iphoneos;
			};
			name = Debug;
		};
		6D6274851B87A06400023458 /* Release */ = {
			isa = XCBuildConfiguration;
			buildSettings = {
				ALWAYS_SEARCH_USER_PATHS = NO;
				CLANG_CXX_LANGUAGE_STANDARD = "gnu++0x";
				CLANG_CXX_LIBRARY = "libc++";
				CLANG_ENABLE_MODULES = YES;
				CLANG_ENABLE_OBJC_ARC = YES;
				CLANG_WARN_BOOL_CONVERSION = YES;
				CLANG_WARN_CONSTANT_CONVERSION = YES;
				CLANG_WARN_DIRECT_OBJC_ISA_USAGE = YES_ERROR;
				CLANG_WARN_EMPTY_BODY = YES;
				CLANG_WARN_ENUM_CONVERSION = YES;
				CLANG_WARN_INT_CONVERSION = YES;
				CLANG_WARN_OBJC_ROOT_CLASS = YES_ERROR;
				CLANG_WARN_UNREACHABLE_CODE = YES;
				CLANG_WARN__DUPLICATE_METHOD_MATCH = YES;
				"CODE_SIGN_IDENTITY[sdk=iphoneos*]" = "iPhone Developer";
				COPY_PHASE_STRIP = NO;
				DEBUG_INFORMATION_FORMAT = "dwarf-with-dsym";
				ENABLE_NS_ASSERTIONS = NO;
				ENABLE_STRICT_OBJC_MSGSEND = YES;
				GCC_C_LANGUAGE_STANDARD = gnu99;
				GCC_NO_COMMON_BLOCKS = YES;
				GCC_WARN_64_TO_32_BIT_CONVERSION = YES;
				GCC_WARN_ABOUT_RETURN_TYPE = YES_ERROR;
				GCC_WARN_UNDECLARED_SELECTOR = YES;
				GCC_WARN_UNINITIALIZED_AUTOS = YES_AGGRESSIVE;
				GCC_WARN_UNUSED_FUNCTION = YES;
				GCC_WARN_UNUSED_VARIABLE = YES;
				IPHONEOS_DEPLOYMENT_TARGET = 8.4;
				MTL_ENABLE_DEBUG_INFO = NO;
				SDKROOT = iphoneos;
				VALIDATE_PRODUCT = YES;
			};
			name = Release;
		};
		6D6274871B87A06400023458 /* Debug */ = {
			isa = XCBuildConfiguration;
			buildSettings = {
				ASSETCATALOG_COMPILER_APPICON_NAME = AppIcon;
				FRAMEWORK_SEARCH_PATHS = (
					"$(inherited)",
					"$(PROJECT_DIR)",
				);
				INFOPLIST_FILE = TestTeacher/Info.plist;
				LD_RUNPATH_SEARCH_PATHS = "$(inherited) @executable_path/Frameworks";
				PRODUCT_NAME = "$(TARGET_NAME)";
			};
			name = Debug;
		};
		6D6274881B87A06400023458 /* Release */ = {
			isa = XCBuildConfiguration;
			buildSettings = {
				ASSETCATALOG_COMPILER_APPICON_NAME = AppIcon;
				FRAMEWORK_SEARCH_PATHS = (
					"$(inherited)",
					"$(PROJECT_DIR)",
				);
				INFOPLIST_FILE = TestTeacher/Info.plist;
				LD_RUNPATH_SEARCH_PATHS = "$(inherited) @executable_path/Frameworks";
				PRODUCT_NAME = "$(TARGET_NAME)";
			};
			name = Release;
		};
		6D62748A1B87A06400023458 /* Debug */ = {
			isa = XCBuildConfiguration;
			buildSettings = {
				BUNDLE_LOADER = "$(TEST_HOST)";
				FRAMEWORK_SEARCH_PATHS = (
					"$(SDKROOT)/Developer/Library/Frameworks",
					"$(inherited)",
				);
				GCC_PREPROCESSOR_DEFINITIONS = (
					"DEBUG=1",
					"$(inherited)",
				);
				INFOPLIST_FILE = TestTeacherTests/Info.plist;
				LD_RUNPATH_SEARCH_PATHS = "$(inherited) @executable_path/Frameworks @loader_path/Frameworks";
				PRODUCT_NAME = "$(TARGET_NAME)";
				TEST_HOST = "$(BUILT_PRODUCTS_DIR)/TestTeacher.app/TestTeacher";
			};
			name = Debug;
		};
		6D62748B1B87A06400023458 /* Release */ = {
			isa = XCBuildConfiguration;
			buildSettings = {
				BUNDLE_LOADER = "$(TEST_HOST)";
				FRAMEWORK_SEARCH_PATHS = (
					"$(SDKROOT)/Developer/Library/Frameworks",
					"$(inherited)",
				);
				INFOPLIST_FILE = TestTeacherTests/Info.plist;
				LD_RUNPATH_SEARCH_PATHS = "$(inherited) @executable_path/Frameworks @loader_path/Frameworks";
				PRODUCT_NAME = "$(TARGET_NAME)";
				TEST_HOST = "$(BUILT_PRODUCTS_DIR)/TestTeacher.app/TestTeacher";
			};
			name = Release;
		};
/* End XCBuildConfiguration section */

/* Begin XCConfigurationList section */
		6D62745E1B87A06400023458 /* Build configuration list for PBXProject "TestTeacher" */ = {
			isa = XCConfigurationList;
			buildConfigurations = (
				6D6274841B87A06400023458 /* Debug */,
				6D6274851B87A06400023458 /* Release */,
			);
			defaultConfigurationIsVisible = 0;
			defaultConfigurationName = Release;
		};
		6D6274861B87A06400023458 /* Build configuration list for PBXNativeTarget "TestTeacher" */ = {
			isa = XCConfigurationList;
			buildConfigurations = (
				6D6274871B87A06400023458 /* Debug */,
				6D6274881B87A06400023458 /* Release */,
			);
			defaultConfigurationIsVisible = 0;
		};
		6D6274891B87A06400023458 /* Build configuration list for PBXNativeTarget "TestTeacherTests" */ = {
			isa = XCConfigurationList;
			buildConfigurations = (
				6D62748A1B87A06400023458 /* Debug */,
				6D62748B1B87A06400023458 /* Release */,
			);
			defaultConfigurationIsVisible = 0;
		};
/* End XCConfigurationList section */
	};
	rootObject = 6D62745B1B87A06400023458 /* Project object */;
}
